{
  "version": 4,
  "terraform_version": "1.1.7",
  "serial": 9,
  "lineage": "3472a693-95e9-5c78-773e-dad368cb629c",
  "outputs": {},
  "resources": [
    {
      "module": "module.nsxt-tf-cm-svc",
      "mode": "managed",
      "type": "nsxt_policy_service",
      "name": "svc",
      "provider": "provider[\"registry.terraform.io/vmware/nsxt\"]",
      "instances": [
        {
          "index_key": "TCP-1920",
          "schema_version": 0,
          "attributes": {
            "algorithm_entry": [],
            "description": "",
            "display_name": "TCP-1920",
            "ether_type_entry": [],
            "icmp_entry": [],
            "id": "TCP-1920",
            "igmp_entry": [],
            "ip_protocol_entry": [],
            "l4_port_set_entry": [
              {
                "description": "",
                "destination_ports": [
                  "1920"
                ],
                "display_name": "TCP_TCP-1920",
                "protocol": "TCP",
                "source_ports": []
              }
            ],
            "nsx_id": "TCP-1920",
            "path": "/infra/services/TCP-1920",
            "revision": 0,
            "tag": [
              {
                "scope": "",
                "tag": "TF"
              }
            ]
          },
          "sensitive_attributes": [],
          "private": "bnVsbA=="
        },
        {
          "index_key": "TCP-3631",
          "schema_version": 0,
          "attributes": {
            "algorithm_entry": [],
            "description": "",
            "display_name": "TCP-3631",
            "ether_type_entry": [],
            "icmp_entry": [],
            "id": "TCP-3631",
            "igmp_entry": [],
            "ip_protocol_entry": [],
            "l4_port_set_entry": [
              {
                "description": "",
                "destination_ports": [
                  "3631"
                ],
                "display_name": "TCP_TCP-3631",
                "protocol": "TCP",
                "source_ports": []
              }
            ],
            "nsx_id": "TCP-3631",
            "path": "/infra/services/TCP-3631",
            "revision": 0,
            "tag": [
              {
                "scope": "",
                "tag": "TF"
              }
            ]
          },
          "sensitive_attributes": [],
          "private": "bnVsbA=="
        },
        {
          "index_key": "TCP-5000",
          "schema_version": 0,
          "attributes": {
            "algorithm_entry": [],
            "description": "",
            "display_name": "TCP-5000",
            "ether_type_entry": [],
            "icmp_entry": [],
            "id": "TCP-5000",
            "igmp_entry": [],
            "ip_protocol_entry": [],
            "l4_port_set_entry": [
              {
                "description": "",
                "destination_ports": [
                  "5000"
                ],
                "display_name": "TCP_TCP-5000",
                "protocol": "TCP",
                "source_ports": []
              }
            ],
            "nsx_id": "TCP-5000",
            "path": "/infra/services/TCP-5000",
            "revision": 0,
            "tag": [
              {
                "scope": "",
                "tag": "TF"
              }
            ]
          },
          "sensitive_attributes": [],
          "private": "bnVsbA=="
        },
        {
          "index_key": "TCP-5000-50000",
          "schema_version": 0,
          "attributes": {
            "algorithm_entry": [],
            "description": "",
            "display_name": "TCP-5000-50000",
            "ether_type_entry": [],
            "icmp_entry": [],
            "id": "TCP-5000-50000",
            "igmp_entry": [],
            "ip_protocol_entry": [],
            "l4_port_set_entry": [
              {
                "description": "",
                "destination_ports": [
                  "5000",
                  "50000"
                ],
                "display_name": "TCP_TCP-5000-50000",
                "protocol": "TCP",
                "source_ports": []
              }
            ],
            "nsx_id": "TCP-5000-50000",
            "path": "/infra/services/TCP-5000-50000",
            "revision": 0,
            "tag": [
              {
                "scope": "",
                "tag": "TF"
              }
            ]
          },
          "sensitive_attributes": [],
          "private": "bnVsbA=="
        },
        {
          "index_key": "TCP-50000",
          "schema_version": 0,
          "attributes": {
            "algorithm_entry": [],
            "description": "",
            "display_name": "TCP-50000",
            "ether_type_entry": [],
            "icmp_entry": [],
            "id": "TCP-50000",
            "igmp_entry": [],
            "ip_protocol_entry": [],
            "l4_port_set_entry": [
              {
                "description": "",
                "destination_ports": [
                  "50000"
                ],
                "display_name": "TCP_TCP-50000",
                "protocol": "TCP",
                "source_ports": []
              }
            ],
            "nsx_id": "TCP-50000",
            "path": "/infra/services/TCP-50000",
            "revision": 0,
            "tag": [
              {
                "scope": "",
                "tag": "TF"
              }
            ]
          },
          "sensitive_attributes": [],
          "private": "bnVsbA=="
        },
        {
          "index_key": "TCP-5508",
          "schema_version": 0,
          "attributes": {
            "algorithm_entry": [],
            "description": "",
            "display_name": "TCP-5508",
            "ether_type_entry": [],
            "icmp_entry": [],
            "id": "TCP-5508",
            "igmp_entry": [],
            "ip_protocol_entry": [],
            "l4_port_set_entry": [
              {
                "description": "",
                "destination_ports": [
                  "5508"
                ],
                "display_name": "TCP_TCP-5508",
                "protocol": "TCP",
                "source_ports": []
              }
            ],
            "nsx_id": "TCP-5508",
            "path": "/infra/services/TCP-5508",
            "revision": 0,
            "tag": [
              {
                "scope": "",
                "tag": "TF"
              }
            ]
          },
          "sensitive_attributes": [],
          "private": "bnVsbA=="
        },
        {
          "index_key": "TCP-9090",
          "schema_version": 0,
          "attributes": {
            "algorithm_entry": [],
            "description": "",
            "display_name": "TCP-9090",
            "ether_type_entry": [],
            "icmp_entry": [],
            "id": "TCP-9090",
            "igmp_entry": [],
            "ip_protocol_entry": [],
            "l4_port_set_entry": [
              {
                "description": "",
                "destination_ports": [
                  "9090"
                ],
                "display_name": "TCP_TCP-9090",
                "protocol": "TCP",
                "source_ports": []
              }
            ],
            "nsx_id": "TCP-9090",
            "path": "/infra/services/TCP-9090",
            "revision": 0,
            "tag": [
              {
                "scope": "",
                "tag": "TF"
              }
            ]
          },
          "sensitive_attributes": [],
          "private": "bnVsbA=="
        }
      ]
    }
  ]
}
