{
  "version": 4,
  "terraform_version": "1.1.7",
  "serial": 8,
  "lineage": "5f8b3aed-f191-8f31-4049-7533ea892392",
  "outputs": {},
  "resources": [
    {
      "module": "module.nsxt-tf-cm-grp",
      "mode": "managed",
      "type": "nsxt_policy_group",
      "name": "grp",
      "provider": "provider[\"registry.terraform.io/vmware/nsxt\"]",
      "instances": [
        {
          "index_key": "AP1-SG-HOST-EZOPS-DEV",
          "schema_version": 0,
          "attributes": {
            "conjunction": [],
            "criteria": [
              {
                "condition": [],
                "ipaddress_expression": [
                  {
                    "ip_addresses": [
                      "9.115.1.175",
                      "9.115.3.175",
                      "9.115.5.175"
                    ]
                  }
                ],
                "macaddress_expression": [],
                "path_expression": []
              }
            ],
            "description": "",
            "display_name": "AP1-SG-HOST-EZOPS-DEV",
            "domain": "default",
            "extended_criteria": [],
            "id": "AP1-SG-HOST-EZOPS-DEV",
            "nsx_id": "AP1-SG-HOST-EZOPS-DEV",
            "path": "/infra/domains/default/groups/AP1-SG-HOST-EZOPS-DEV",
            "revision": 0,
            "tag": [
              {
                "scope": "",
                "tag": "TF"
              }
            ]
          },
          "sensitive_attributes": [],
          "private": "bnVsbA=="
        },
        {
          "index_key": "AP1-SG-HOST-EZOPS-ITM-hkgsni",
          "schema_version": 0,
          "attributes": {
            "conjunction": [],
            "criteria": [
              {
                "condition": [],
                "ipaddress_expression": [
                  {
                    "ip_addresses": [
                      "146.89.226.164",
                      "146.89.226.177",
                      "146.89.226.178"
                    ]
                  }
                ],
                "macaddress_expression": [],
                "path_expression": []
              }
            ],
            "description": "",
            "display_name": "AP1-SG-HOST-EZOPS-ITM-hkgsni",
            "domain": "default",
            "extended_criteria": [],
            "id": "AP1-SG-HOST-EZOPS-ITM-hkgsni",
            "nsx_id": "AP1-SG-HOST-EZOPS-ITM-hkgsni",
            "path": "/infra/domains/default/groups/AP1-SG-HOST-EZOPS-ITM-hkgsni",
            "revision": 0,
            "tag": [
              {
                "scope": "",
                "tag": "TF"
              }
            ]
          },
          "sensitive_attributes": [],
          "private": "bnVsbA=="
        },
        {
          "index_key": "AP1-SG-HOST-ap1sr1lpta1-vip",
          "schema_version": 0,
          "attributes": {
            "conjunction": [],
            "criteria": [
              {
                "condition": [],
                "ipaddress_expression": [
                  {
                    "ip_addresses": [
                      "158.87.54.20"
                    ]
                  }
                ],
                "macaddress_expression": [],
                "path_expression": []
              }
            ],
            "description": "",
            "display_name": "AP1-SG-HOST-ap1sr1lpta1-vip",
            "domain": "default",
            "extended_criteria": [],
            "id": "AP1-SG-HOST-ap1sr1lpta1-vip",
            "nsx_id": "AP1-SG-HOST-ap1sr1lpta1-vip",
            "path": "/infra/domains/default/groups/AP1-SG-HOST-ap1sr1lpta1-vip",
            "revision": 0,
            "tag": [
              {
                "scope": "",
                "tag": "TF"
              }
            ]
          },
          "sensitive_attributes": [],
          "private": "bnVsbA=="
        },
        {
          "index_key": "AP1-SG-HOST-bldbmsa-boulder-ibm-com",
          "schema_version": 0,
          "attributes": {
            "conjunction": [],
            "criteria": [
              {
                "condition": [],
                "ipaddress_expression": [
                  {
                    "ip_addresses": [
                      "9.16.252.114"
                    ]
                  }
                ],
                "macaddress_expression": [],
                "path_expression": []
              }
            ],
            "description": "",
            "display_name": "AP1-SG-HOST-bldbmsa-boulder-ibm-com",
            "domain": "default",
            "extended_criteria": [],
            "id": "AP1-SG-HOST-bldbmsa-boulder-ibm-com",
            "nsx_id": "AP1-SG-HOST-bldbmsa-boulder-ibm-com",
            "path": "/infra/domains/default/groups/AP1-SG-HOST-bldbmsa-boulder-ibm-com",
            "revision": 0,
            "tag": [
              {
                "scope": "",
                "tag": "TF"
              }
            ]
          },
          "sensitive_attributes": [],
          "private": "bnVsbA=="
        },
        {
          "index_key": "AP1-SG-HOST-w3-ibm-com",
          "schema_version": 0,
          "attributes": {
            "conjunction": [],
            "criteria": [
              {
                "condition": [],
                "ipaddress_expression": [
                  {
                    "ip_addresses": [
                      "9.17.185.146"
                    ]
                  }
                ],
                "macaddress_expression": [],
                "path_expression": []
              }
            ],
            "description": "",
            "display_name": "AP1-SG-HOST-w3-ibm-com",
            "domain": "default",
            "extended_criteria": [],
            "id": "AP1-SG-HOST-w3-ibm-com",
            "nsx_id": "AP1-SG-HOST-w3-ibm-com",
            "path": "/infra/domains/default/groups/AP1-SG-HOST-w3-ibm-com",
            "revision": 0,
            "tag": [
              {
                "scope": "",
                "tag": "TF"
              }
            ]
          },
          "sensitive_attributes": [],
          "private": "bnVsbA=="
        },
        {
          "index_key": "AP1-SG-PDR-SMTP-Relay",
          "schema_version": 0,
          "attributes": {
            "conjunction": [],
            "criteria": [
              {
                "condition": [],
                "ipaddress_expression": [
                  {
                    "ip_addresses": [
                      "10.63.9.71",
                      "100.80.69.5"
                    ]
                  }
                ],
                "macaddress_expression": [],
                "path_expression": []
              }
            ],
            "description": "",
            "display_name": "AP1-SG-PDR-SMTP-Relay",
            "domain": "default",
            "extended_criteria": [],
            "id": "AP1-SG-PDR-SMTP-Relay",
            "nsx_id": "AP1-SG-PDR-SMTP-Relay",
            "path": "/infra/domains/default/groups/AP1-SG-PDR-SMTP-Relay",
            "revision": 0,
            "tag": [
              {
                "scope": "",
                "tag": "TF"
              }
            ]
          },
          "sensitive_attributes": [],
          "private": "bnVsbA=="
        }
      ]
    }
  ]
}
