{
  "version": 4,
  "terraform_version": "1.1.7",
  "serial": 54,
  "lineage": "f9da7f42-e997-5188-fb95-da6e56389a32",
  "outputs": {},
  "resources": [
    {
      "mode": "managed",
      "type": "nsxt_policy_service",
      "name": "svc",
      "provider": "provider[\"registry.terraform.io/vmware/nsxt\"]",
      "instances": [
        {
          "index_key": "Data Recovery Appliance (VDR)",
          "schema_version": 0,
          "attributes": {
            "algorithm_entry": [],
            "description": "",
            "display_name": "Data Recovery Appliance (VDR)",
            "ether_type_entry": [],
            "icmp_entry": [],
            "id": "Data Recovery Appliance (VDR)",
            "igmp_entry": [],
            "ip_protocol_entry": [],
            "l4_port_set_entry": [
              {
                "description": "",
                "destination_ports": [
                  "22024",
                  "443",
                  "902"
                ],
                "display_name": "TCP_Data Recovery Appliance (VDR)",
                "protocol": "TCP",
                "source_ports": []
              }
            ],
            "nsx_id": "Data Recovery Appliance (VDR)",
            "path": "/infra/services/Data+Recovery+Appliance+(VDR)",
            "revision": 0,
            "tag": [
              {
                "scope": "",
                "tag": "TF"
              }
            ]
          },
          "sensitive_attributes": [],
          "private": "bnVsbA=="
        },
        {
          "index_key": "MS Exchange 2007 Client Access Server",
          "schema_version": 0,
          "attributes": {
            "algorithm_entry": [],
            "description": "",
            "display_name": "MS Exchange 2007 Client Access Server",
            "ether_type_entry": [],
            "icmp_entry": [],
            "id": "MS Exchange 2007 Client Access Server",
            "igmp_entry": [],
            "ip_protocol_entry": [],
            "l4_port_set_entry": [
              {
                "description": "",
                "destination_ports": [
                  "110",
                  "143",
                  "443",
                  "5060",
                  "5061",
                  "5062",
                  "80",
                  "993",
                  "995"
                ],
                "display_name": "TCP_MS Exchange 2007 Client Access Server",
                "protocol": "TCP",
                "source_ports": []
              }
            ],
            "nsx_id": "MS Exchange 2007 Client Access Server",
            "path": "/infra/services/MS+Exchange+2007+Client+Access+Server",
            "revision": 0,
            "tag": [
              {
                "scope": "",
                "tag": "TF"
              }
            ]
          },
          "sensitive_attributes": [],
          "private": "bnVsbA=="
        },
        {
          "index_key": "MS Exchange 2007 Mailbox Servers",
          "schema_version": 0,
          "attributes": {
            "algorithm_entry": [],
            "description": "",
            "display_name": "MS Exchange 2007 Mailbox Servers",
            "ether_type_entry": [],
            "icmp_entry": [],
            "id": "MS Exchange 2007 Mailbox Servers",
            "igmp_entry": [],
            "ip_protocol_entry": [],
            "l4_port_set_entry": [
              {
                "description": "",
                "destination_ports": [
                  "135",
                  "3268",
                  "389",
                  "443",
                  "445",
                  "53",
                  "80",
                  "88"
                ],
                "display_name": "TCP_MS Exchange 2007 Mailbox Servers",
                "protocol": "TCP",
                "source_ports": []
              },
              {
                "description": "",
                "destination_ports": [
                  "389",
                  "53",
                  "88"
                ],
                "display_name": "UDP_MS Exchange 2007 Mailbox Servers",
                "protocol": "UDP",
                "source_ports": []
              }
            ],
            "nsx_id": "MS Exchange 2007 Mailbox Servers",
            "path": "/infra/services/MS+Exchange+2007+Mailbox+Servers",
            "revision": 0,
            "tag": [
              {
                "scope": "",
                "tag": "TF"
              }
            ]
          },
          "sensitive_attributes": [],
          "private": "bnVsbA=="
        },
        {
          "index_key": "MS Exchange 2007 Transport Servers",
          "schema_version": 0,
          "attributes": {
            "algorithm_entry": [],
            "description": "",
            "display_name": "MS Exchange 2007 Transport Servers",
            "ether_type_entry": [],
            "icmp_entry": [],
            "id": "MS Exchange 2007 Transport Servers",
            "igmp_entry": [],
            "ip_protocol_entry": [],
            "l4_port_set_entry": [
              {
                "description": "",
                "destination_ports": [
                  "135",
                  "25",
                  "3268",
                  "389",
                  "50389",
                  "50636",
                  "53",
                  "587",
                  "80",
                  "88"
                ],
                "display_name": "TCP_MS Exchange 2007 Transport Servers",
                "protocol": "TCP",
                "source_ports": []
              },
              {
                "description": "",
                "destination_ports": [
                  "389",
                  "53",
                  "88"
                ],
                "display_name": "UDP_MS Exchange 2007 Transport Servers",
                "protocol": "UDP",
                "source_ports": []
              }
            ],
            "nsx_id": "MS Exchange 2007 Transport Servers",
            "path": "/infra/services/MS+Exchange+2007+Transport+Servers",
            "revision": 0,
            "tag": [
              {
                "scope": "",
                "tag": "TF"
              }
            ]
          },
          "sensitive_attributes": [],
          "private": "bnVsbA=="
        },
        {
          "index_key": "MS Exchange 2007 Unified Messaging Centre",
          "schema_version": 0,
          "attributes": {
            "algorithm_entry": [],
            "description": "",
            "display_name": "MS Exchange 2007 Unified Messaging Centre",
            "ether_type_entry": [],
            "icmp_entry": [],
            "id": "MS Exchange 2007 Unified Messaging Centre",
            "igmp_entry": [],
            "ip_protocol_entry": [],
            "l4_port_set_entry": [
              {
                "description": "",
                "destination_ports": [
                  "25",
                  "443",
                  "5060",
                  "5061",
                  "5062",
                  "80"
                ],
                "display_name": "TCP_MS Exchange 2007 Unified Messaging Centre",
                "protocol": "TCP",
                "source_ports": []
              }
            ],
            "nsx_id": "MS Exchange 2007 Unified Messaging Centre",
            "path": "/infra/services/MS+Exchange+2007+Unified+Messaging+Centre",
            "revision": 0,
            "tag": [
              {
                "scope": "",
                "tag": "TF"
              }
            ]
          },
          "sensitive_attributes": [],
          "private": "bnVsbA=="
        },
        {
          "index_key": "MS Exchange 2010 Client Access Servers",
          "schema_version": 0,
          "attributes": {
            "algorithm_entry": [],
            "description": "",
            "display_name": "MS Exchange 2010 Client Access Servers",
            "ether_type_entry": [],
            "icmp_entry": [],
            "id": "MS Exchange 2010 Client Access Servers",
            "igmp_entry": [],
            "ip_protocol_entry": [],
            "l4_port_set_entry": [
              {
                "description": "",
                "destination_ports": [
                  "110",
                  "135",
                  "143",
                  "3268",
                  "389",
                  "5060",
                  "5061",
                  "5062",
                  "53",
                  "80",
                  "88",
                  "995"
                ],
                "display_name": "TCP_MS Exchange 2010 Client Access Servers",
                "protocol": "TCP",
                "source_ports": []
              },
              {
                "description": "",
                "destination_ports": [
                  "389",
                  "53",
                  "88"
                ],
                "display_name": "UDP_MS Exchange 2010 Client Access Servers",
                "protocol": "UDP",
                "source_ports": []
              }
            ],
            "nsx_id": "MS Exchange 2010 Client Access Servers",
            "path": "/infra/services/MS+Exchange+2010+Client+Access+Servers",
            "revision": 0,
            "tag": [
              {
                "scope": "",
                "tag": "TF"
              }
            ]
          },
          "sensitive_attributes": [],
          "private": "bnVsbA=="
        },
        {
          "index_key": "MS Exchange 2010 Mailbox Servers",
          "schema_version": 0,
          "attributes": {
            "algorithm_entry": [],
            "description": "",
            "display_name": "MS Exchange 2010 Mailbox Servers",
            "ether_type_entry": [],
            "icmp_entry": [],
            "id": "MS Exchange 2010 Mailbox Servers",
            "igmp_entry": [],
            "ip_protocol_entry": [],
            "l4_port_set_entry": [
              {
                "description": "",
                "destination_ports": [
                  "135",
                  "3268",
                  "389",
                  "445",
                  "5075",
                  "5076",
                  "5077",
                  "53",
                  "64327",
                  "808",
                  "88"
                ],
                "display_name": "TCP_MS Exchange 2010 Mailbox Servers",
                "protocol": "TCP",
                "source_ports": []
              },
              {
                "description": "",
                "destination_ports": [
                  "389",
                  "53",
                  "88"
                ],
                "display_name": "UDP_MS Exchange 2010 Mailbox Servers",
                "protocol": "UDP",
                "source_ports": []
              }
            ],
            "nsx_id": "MS Exchange 2010 Mailbox Servers",
            "path": "/infra/services/MS+Exchange+2010+Mailbox+Servers",
            "revision": 0,
            "tag": [
              {
                "scope": "",
                "tag": "TF"
              }
            ]
          },
          "sensitive_attributes": [],
          "private": "bnVsbA=="
        },
        {
          "index_key": "MS Exchange 2010 Transport Servers",
          "schema_version": 0,
          "attributes": {
            "algorithm_entry": [],
            "description": "",
            "display_name": "MS Exchange 2010 Transport Servers",
            "ether_type_entry": [],
            "icmp_entry": [],
            "id": "MS Exchange 2010 Transport Servers",
            "igmp_entry": [],
            "ip_protocol_entry": [],
            "l4_port_set_entry": [
              {
                "description": "",
                "destination_ports": [
                  "135",
                  "25",
                  "3268",
                  "389",
                  "443",
                  "50636",
                  "53",
                  "587",
                  "88"
                ],
                "display_name": "TCP_MS Exchange 2010 Transport Servers",
                "protocol": "TCP",
                "source_ports": []
              },
              {
                "description": "",
                "destination_ports": [
                  "389",
                  "53",
                  "88"
                ],
                "display_name": "UDP_MS Exchange 2010 Transport Servers",
                "protocol": "UDP",
                "source_ports": []
              }
            ],
            "nsx_id": "MS Exchange 2010 Transport Servers",
            "path": "/infra/services/MS+Exchange+2010+Transport+Servers",
            "revision": 0,
            "tag": [
              {
                "scope": "",
                "tag": "TF"
              }
            ]
          },
          "sensitive_attributes": [],
          "private": "bnVsbA=="
        },
        {
          "index_key": "MS Exchange 2010 Unified Messaging Server",
          "schema_version": 0,
          "attributes": {
            "algorithm_entry": [],
            "description": "",
            "display_name": "MS Exchange 2010 Unified Messaging Server",
            "ether_type_entry": [],
            "icmp_entry": [],
            "id": "MS Exchange 2010 Unified Messaging Server",
            "igmp_entry": [],
            "ip_protocol_entry": [],
            "l4_port_set_entry": [
              {
                "description": "",
                "destination_ports": [
                  "135",
                  "3268",
                  "389",
                  "443",
                  "5067",
                  "5068",
                  "5075",
                  "5076",
                  "5077",
                  "53",
                  "80",
                  "88"
                ],
                "display_name": "TCP_MS Exchange 2010 Unified Messaging Server",
                "protocol": "TCP",
                "source_ports": []
              },
              {
                "description": "",
                "destination_ports": [
                  "389",
                  "53",
                  "88"
                ],
                "display_name": "UDP_MS Exchange 2010 Unified Messaging Server",
                "protocol": "UDP",
                "source_ports": []
              }
            ],
            "nsx_id": "MS Exchange 2010 Unified Messaging Server",
            "path": "/infra/services/MS+Exchange+2010+Unified+Messaging+Server",
            "revision": 0,
            "tag": [
              {
                "scope": "",
                "tag": "TF"
              }
            ]
          },
          "sensitive_attributes": [],
          "private": "bnVsbA=="
        },
        {
          "index_key": "MSSQL Integration Services",
          "schema_version": 0,
          "attributes": {
            "algorithm_entry": [],
            "description": "",
            "display_name": "MSSQL Integration Services",
            "ether_type_entry": [],
            "icmp_entry": [],
            "id": "MSSQL Integration Services",
            "igmp_entry": [],
            "ip_protocol_entry": [],
            "l4_port_set_entry": [
              {
                "description": "",
                "destination_ports": [
                  "135"
                ],
                "display_name": "TCP_MSSQL Integration Services",
                "protocol": "TCP",
                "source_ports": []
              }
            ],
            "nsx_id": "MSSQL Integration Services",
            "path": "/infra/services/MSSQL+Integration+Services",
            "revision": 0,
            "tag": [
              {
                "scope": "",
                "tag": "TF"
              }
            ]
          },
          "sensitive_attributes": [],
          "private": "bnVsbA=="
        },
        {
          "index_key": "MSSQL Reporting Services",
          "schema_version": 0,
          "attributes": {
            "algorithm_entry": [],
            "description": "",
            "display_name": "MSSQL Reporting Services",
            "ether_type_entry": [],
            "icmp_entry": [],
            "id": "MSSQL Reporting Services",
            "igmp_entry": [],
            "ip_protocol_entry": [],
            "l4_port_set_entry": [
              {
                "description": "",
                "destination_ports": [
                  "443",
                  "80"
                ],
                "display_name": "TCP_MSSQL Reporting Services",
                "protocol": "TCP",
                "source_ports": []
              }
            ],
            "nsx_id": "MSSQL Reporting Services",
            "path": "/infra/services/MSSQL+Reporting+Services",
            "revision": 0,
            "tag": [
              {
                "scope": "",
                "tag": "TF"
              }
            ]
          },
          "sensitive_attributes": [],
          "private": "bnVsbA=="
        },
        {
          "index_key": "MSSQL Server Analysis Services",
          "schema_version": 0,
          "attributes": {
            "algorithm_entry": [],
            "description": "",
            "display_name": "MSSQL Server Analysis Services",
            "ether_type_entry": [],
            "icmp_entry": [],
            "id": "MSSQL Server Analysis Services",
            "igmp_entry": [],
            "ip_protocol_entry": [],
            "l4_port_set_entry": [
              {
                "description": "",
                "destination_ports": [
                  "2382",
                  "2383",
                  "443",
                  "80"
                ],
                "display_name": "TCP_MSSQL Server Analysis Services",
                "protocol": "TCP",
                "source_ports": []
              }
            ],
            "nsx_id": "MSSQL Server Analysis Services",
            "path": "/infra/services/MSSQL+Server+Analysis+Services",
            "revision": 0,
            "tag": [
              {
                "scope": "",
                "tag": "TF"
              }
            ]
          },
          "sensitive_attributes": [],
          "private": "bnVsbA=="
        },
        {
          "index_key": "MSSQL Server Database Engine",
          "schema_version": 0,
          "attributes": {
            "algorithm_entry": [],
            "description": "",
            "display_name": "MSSQL Server Database Engine",
            "ether_type_entry": [],
            "icmp_entry": [],
            "id": "MSSQL Server Database Engine",
            "igmp_entry": [],
            "ip_protocol_entry": [],
            "l4_port_set_entry": [
              {
                "description": "",
                "destination_ports": [
                  "135",
                  "1434"
                ],
                "display_name": "UDP_MSSQL Server Database Engine",
                "protocol": "UDP",
                "source_ports": []
              },
              {
                "description": "",
                "destination_ports": [
                  "1433",
                  "1434",
                  "443",
                  "80"
                ],
                "display_name": "TCP_MSSQL Server Database Engine",
                "protocol": "TCP",
                "source_ports": []
              }
            ],
            "nsx_id": "MSSQL Server Database Engine",
            "path": "/infra/services/MSSQL+Server+Database+Engine",
            "revision": 0,
            "tag": [
              {
                "scope": "",
                "tag": "TF"
              }
            ]
          },
          "sensitive_attributes": [],
          "private": "bnVsbA=="
        },
        {
          "index_key": "Microsoft Active Directory",
          "schema_version": 0,
          "attributes": {
            "algorithm_entry": [],
            "description": "",
            "display_name": "Microsoft Active Directory",
            "ether_type_entry": [],
            "icmp_entry": [],
            "id": "Microsoft Active Directory",
            "igmp_entry": [],
            "ip_protocol_entry": [],
            "l4_port_set_entry": [
              {
                "description": "",
                "destination_ports": [
                  "123",
                  "137",
                  "138",
                  "389",
                  "42",
                  "445",
                  "464",
                  "53",
                  "67",
                  "88"
                ],
                "display_name": "UDP_Microsoft Active Directory",
                "protocol": "UDP",
                "source_ports": []
              },
              {
                "description": "",
                "destination_ports": [
                  "135",
                  "139",
                  "25",
                  "3268",
                  "3269",
                  "389",
                  "42",
                  "445",
                  "464",
                  "53",
                  "636",
                  "88",
                  "9389"
                ],
                "display_name": "TCP_Microsoft Active Directory",
                "protocol": "TCP",
                "source_ports": []
              }
            ],
            "nsx_id": "Microsoft Active Directory",
            "path": "/infra/services/Microsoft+Active+Directory",
            "revision": 0,
            "tag": [
              {
                "scope": "",
                "tag": "TF"
              }
            ]
          },
          "sensitive_attributes": [],
          "private": "bnVsbA=="
        },
        {
          "index_key": "Microsoft Exchange 2003",
          "schema_version": 0,
          "attributes": {
            "algorithm_entry": [],
            "description": "",
            "display_name": "Microsoft Exchange 2003",
            "ether_type_entry": [],
            "icmp_entry": [],
            "id": "Microsoft Exchange 2003",
            "igmp_entry": [],
            "ip_protocol_entry": [],
            "l4_port_set_entry": [
              {
                "description": "",
                "destination_ports": [
                  "102",
                  "119",
                  "135",
                  "143",
                  "25",
                  "389",
                  "443",
                  "563",
                  "691",
                  "993",
                  "995"
                ],
                "display_name": "TCP_Microsoft Exchange 2003",
                "protocol": "TCP",
                "source_ports": []
              },
              {
                "description": "",
                "destination_ports": [
                  "2883"
                ],
                "display_name": "UDP_Microsoft Exchange 2003",
                "protocol": "UDP",
                "source_ports": []
              }
            ],
            "nsx_id": "Microsoft Exchange 2003",
            "path": "/infra/services/Microsoft+Exchange+2003",
            "revision": 0,
            "tag": [
              {
                "scope": "",
                "tag": "TF"
              }
            ]
          },
          "sensitive_attributes": [],
          "private": "bnVsbA=="
        },
        {
          "index_key": "Microsoft SQL Server",
          "schema_version": 0,
          "attributes": {
            "algorithm_entry": [],
            "description": "",
            "display_name": "Microsoft SQL Server",
            "ether_type_entry": [],
            "icmp_entry": [],
            "id": "Microsoft SQL Server",
            "igmp_entry": [],
            "ip_protocol_entry": [],
            "l4_port_set_entry": [
              {
                "description": "",
                "destination_ports": [
                  "1433"
                ],
                "display_name": "TCP_Microsoft SQL Server",
                "protocol": "TCP",
                "source_ports": []
              }
            ],
            "nsx_id": "Microsoft SQL Server",
            "path": "/infra/services/Microsoft+SQL+Server",
            "revision": 0,
            "tag": [
              {
                "scope": "",
                "tag": "TF"
              }
            ]
          },
          "sensitive_attributes": [],
          "private": "bnVsbA=="
        },
        {
          "index_key": "Oracle Application Server",
          "schema_version": 0,
          "attributes": {
            "algorithm_entry": [],
            "description": "",
            "display_name": "Oracle Application Server",
            "ether_type_entry": [],
            "icmp_entry": [],
            "id": "Oracle Application Server",
            "igmp_entry": [],
            "ip_protocol_entry": [],
            "l4_port_set_entry": [
              {
                "description": "",
                "destination_ports": [
                  "1748",
                  "3301",
                  "3339",
                  "3501",
                  "4002",
                  "4401",
                  "4443",
                  "4444",
                  "6200",
                  "6668",
                  "7000",
                  "7501",
                  "7777"
                ],
                "display_name": "TCP_Oracle Application Server",
                "protocol": "TCP",
                "source_ports": []
              }
            ],
            "nsx_id": "Oracle Application Server",
            "path": "/infra/services/Oracle+Application+Server",
            "revision": 0,
            "tag": [
              {
                "scope": "",
                "tag": "TF"
              }
            ]
          },
          "sensitive_attributes": [],
          "private": "bnVsbA=="
        },
        {
          "index_key": "Oracle Database",
          "schema_version": 0,
          "attributes": {
            "algorithm_entry": [],
            "description": "",
            "display_name": "Oracle Database",
            "ether_type_entry": [],
            "icmp_entry": [],
            "id": "Oracle Database",
            "igmp_entry": [],
            "ip_protocol_entry": [],
            "l4_port_set_entry": [
              {
                "description": "",
                "destination_ports": [
                  "1521",
                  "1526",
                  "1575",
                  "2100",
                  "2481",
                  "2482",
                  "8080"
                ],
                "display_name": "TCP_Oracle Database",
                "protocol": "TCP",
                "source_ports": []
              }
            ],
            "nsx_id": "Oracle Database",
            "path": "/infra/services/Oracle+Database",
            "revision": 0,
            "tag": [
              {
                "scope": "",
                "tag": "TF"
              }
            ]
          },
          "sensitive_attributes": [],
          "private": "bnVsbA=="
        },
        {
          "index_key": "Oracle Enterprise Manager",
          "schema_version": 0,
          "attributes": {
            "algorithm_entry": [],
            "description": "",
            "display_name": "Oracle Enterprise Manager",
            "ether_type_entry": [],
            "icmp_entry": [],
            "id": "Oracle Enterprise Manager",
            "igmp_entry": [],
            "ip_protocol_entry": [],
            "l4_port_set_entry": [
              {
                "description": "",
                "destination_ports": [
                  "1810",
                  "1831",
                  "1850",
                  "44000"
                ],
                "display_name": "TCP_Oracle Enterprise Manager",
                "protocol": "TCP",
                "source_ports": []
              }
            ],
            "nsx_id": "Oracle Enterprise Manager",
            "path": "/infra/services/Oracle+Enterprise+Manager",
            "revision": 0,
            "tag": [
              {
                "scope": "",
                "tag": "TF"
              }
            ]
          },
          "sensitive_attributes": [],
          "private": "bnVsbA=="
        },
        {
          "index_key": "Oracle Enterprise Manager Web",
          "schema_version": 0,
          "attributes": {
            "algorithm_entry": [],
            "description": "",
            "display_name": "Oracle Enterprise Manager Web",
            "ether_type_entry": [],
            "icmp_entry": [],
            "id": "Oracle Enterprise Manager Web",
            "igmp_entry": [],
            "ip_protocol_entry": [],
            "l4_port_set_entry": [
              {
                "description": "",
                "destination_ports": [
                  "5500"
                ],
                "display_name": "TCP_Oracle Enterprise Manager Web",
                "protocol": "TCP",
                "source_ports": []
              }
            ],
            "nsx_id": "Oracle Enterprise Manager Web",
            "path": "/infra/services/Oracle+Enterprise+Manager+Web",
            "revision": 0,
            "tag": [
              {
                "scope": "",
                "tag": "TF"
              }
            ]
          },
          "sensitive_attributes": [],
          "private": "bnVsbA=="
        },
        {
          "index_key": "Oracle Rdb",
          "schema_version": 0,
          "attributes": {
            "algorithm_entry": [],
            "description": "",
            "display_name": "Oracle Rdb",
            "ether_type_entry": [],
            "icmp_entry": [],
            "id": "Oracle Rdb",
            "igmp_entry": [],
            "ip_protocol_entry": [],
            "l4_port_set_entry": [
              {
                "description": "",
                "destination_ports": [
                  "1701"
                ],
                "display_name": "TCP_Oracle Rdb",
                "protocol": "TCP",
                "source_ports": []
              }
            ],
            "nsx_id": "Oracle Rdb",
            "path": "/infra/services/Oracle+Rdb",
            "revision": 0,
            "tag": [
              {
                "scope": "",
                "tag": "TF"
              }
            ]
          },
          "sensitive_attributes": [],
          "private": "bnVsbA=="
        },
        {
          "index_key": "Oracle Times Ten",
          "schema_version": 0,
          "attributes": {
            "algorithm_entry": [],
            "description": "",
            "display_name": "Oracle Times Ten",
            "ether_type_entry": [],
            "icmp_entry": [],
            "id": "Oracle Times Ten",
            "igmp_entry": [],
            "ip_protocol_entry": [],
            "l4_port_set_entry": [
              {
                "description": "",
                "destination_ports": [
                  "15000",
                  "15002",
                  "15004",
                  "4662",
                  "4758",
                  "4759",
                  "4761",
                  "4764",
                  "4766",
                  "4767"
                ],
                "display_name": "TCP_Oracle Times Ten",
                "protocol": "TCP",
                "source_ports": []
              }
            ],
            "nsx_id": "Oracle Times Ten",
            "path": "/infra/services/Oracle+Times+Ten",
            "revision": 0,
            "tag": [
              {
                "scope": "",
                "tag": "TF"
              }
            ]
          },
          "sensitive_attributes": [],
          "private": "bnVsbA=="
        },
        {
          "index_key": "Oracle i*SQLPlus",
          "schema_version": 0,
          "attributes": {
            "algorithm_entry": [],
            "description": "",
            "display_name": "Oracle i*SQLPlus",
            "ether_type_entry": [],
            "icmp_entry": [],
            "id": "Oracle i*SQLPlus",
            "igmp_entry": [],
            "ip_protocol_entry": [],
            "l4_port_set_entry": [
              {
                "description": "",
                "destination_ports": [
                  "5560",
                  "5580"
                ],
                "display_name": "TCP_Oracle i*SQLPlus",
                "protocol": "TCP",
                "source_ports": []
              }
            ],
            "nsx_id": "Oracle i*SQLPlus",
            "path": "/infra/services/Oracle+i*SQLPlus",
            "revision": 0,
            "tag": [
              {
                "scope": "",
                "tag": "TF"
              }
            ]
          },
          "sensitive_attributes": [],
          "private": "bnVsbA=="
        },
        {
          "index_key": "SharePoint 2007",
          "schema_version": 0,
          "attributes": {
            "algorithm_entry": [],
            "description": "",
            "display_name": "SharePoint 2007",
            "ether_type_entry": [],
            "icmp_entry": [],
            "id": "SharePoint 2007",
            "igmp_entry": [],
            "ip_protocol_entry": [],
            "l4_port_set_entry": [
              {
                "description": "",
                "destination_ports": [
                  "135",
                  "137",
                  "138",
                  "139",
                  "25",
                  "3389",
                  "443",
                  "445",
                  "53",
                  "80"
                ],
                "display_name": "TCP_SharePoint 2007",
                "protocol": "TCP",
                "source_ports": []
              },
              {
                "description": "",
                "destination_ports": [
                  "137",
                  "138",
                  "1434",
                  "389",
                  "445",
                  "53",
                  "636",
                  "88"
                ],
                "display_name": "UDP_SharePoint 2007",
                "protocol": "UDP",
                "source_ports": []
              }
            ],
            "nsx_id": "SharePoint 2007",
            "path": "/infra/services/SharePoint+2007",
            "revision": 0,
            "tag": [
              {
                "scope": "",
                "tag": "TF"
              }
            ]
          },
          "sensitive_attributes": [],
          "private": "bnVsbA=="
        },
        {
          "index_key": "SharePoint 2010",
          "schema_version": 0,
          "attributes": {
            "algorithm_entry": [],
            "description": "",
            "display_name": "SharePoint 2010",
            "ether_type_entry": [],
            "icmp_entry": [],
            "id": "SharePoint 2010",
            "igmp_entry": [],
            "ip_protocol_entry": [],
            "l4_port_set_entry": [
              {
                "description": "",
                "destination_ports": [
                  "443",
                  "5725"
                ],
                "display_name": "TCP_SharePoint 2010",
                "protocol": "TCP",
                "source_ports": []
              },
              {
                "description": "",
                "destination_ports": [
                  "464"
                ],
                "display_name": "UDP_SharePoint 2010",
                "protocol": "UDP",
                "source_ports": []
              }
            ],
            "nsx_id": "SharePoint 2010",
            "path": "/infra/services/SharePoint+2010",
            "revision": 0,
            "tag": [
              {
                "scope": "",
                "tag": "TF"
              }
            ]
          },
          "sensitive_attributes": [],
          "private": "bnVsbA=="
        },
        {
          "index_key": "Site Recovery Manager (SRM)",
          "schema_version": 0,
          "attributes": {
            "algorithm_entry": [],
            "description": "",
            "display_name": "Site Recovery Manager (SRM)",
            "ether_type_entry": [],
            "icmp_entry": [],
            "id": "Site Recovery Manager (SRM)",
            "igmp_entry": [],
            "ip_protocol_entry": [],
            "l4_port_set_entry": [
              {
                "description": "",
                "destination_ports": [
                  "1433",
                  "1521",
                  "1526",
                  "31031",
                  "44046",
                  "5480",
                  "80",
                  "8043",
                  "8080",
                  "8095",
                  "8096",
                  "8123",
                  "8282",
                  "9007",
                  "9085"
                ],
                "display_name": "TCP_Site Recovery Manager (SRM)",
                "protocol": "TCP",
                "source_ports": []
              }
            ],
            "nsx_id": "Site Recovery Manager (SRM)",
            "path": "/infra/services/Site+Recovery+Manager+(SRM)",
            "revision": 0,
            "tag": [
              {
                "scope": "",
                "tag": "TF"
              }
            ]
          },
          "sensitive_attributes": [],
          "private": "bnVsbA=="
        },
        {
          "index_key": "VMware Update Manager",
          "schema_version": 0,
          "attributes": {
            "algorithm_entry": [],
            "description": "",
            "display_name": "VMware Update Manager",
            "ether_type_entry": [],
            "icmp_entry": [],
            "id": "VMware Update Manager",
            "igmp_entry": [],
            "ip_protocol_entry": [],
            "l4_port_set_entry": [
              {
                "description": "",
                "destination_ports": [
                  "1433",
                  "1521",
                  "443",
                  "735",
                  "80",
                  "8084",
                  "9000-9100",
                  "902",
                  "9084",
                  "9087"
                ],
                "display_name": "TCP_VMware Update Manager",
                "protocol": "TCP",
                "source_ports": []
              }
            ],
            "nsx_id": "VMware Update Manager",
            "path": "/infra/services/VMware+Update+Manager",
            "revision": 0,
            "tag": [
              {
                "scope": "",
                "tag": "TF"
              }
            ]
          },
          "sensitive_attributes": [],
          "private": "bnVsbA=="
        },
        {
          "index_key": "VMware View 5.x",
          "schema_version": 0,
          "attributes": {
            "algorithm_entry": [],
            "description": "",
            "display_name": "VMware View 5.x",
            "ether_type_entry": [],
            "icmp_entry": [],
            "id": "VMware View 5.x",
            "igmp_entry": [],
            "ip_protocol_entry": [],
            "l4_port_set_entry": [
              {
                "description": "",
                "destination_ports": [
                  "4001",
                  "4172",
                  "443",
                  "80",
                  "902"
                ],
                "display_name": "TCP_VMware View 5.x",
                "protocol": "TCP",
                "source_ports": []
              },
              {
                "description": "",
                "destination_ports": [
                  "4172"
                ],
                "display_name": "UDP_VMware View 5.x",
                "protocol": "UDP",
                "source_ports": []
              }
            ],
            "nsx_id": "VMware View 5.x",
            "path": "/infra/services/VMware+View+5.x",
            "revision": 0,
            "tag": [
              {
                "scope": "",
                "tag": "TF"
              }
            ]
          },
          "sensitive_attributes": [],
          "private": "bnVsbA=="
        },
        {
          "index_key": "VMware vSphere 5.x",
          "schema_version": 0,
          "attributes": {
            "algorithm_entry": [],
            "description": "",
            "display_name": "VMware vSphere 5.x",
            "ether_type_entry": [],
            "icmp_entry": [],
            "id": "VMware vSphere 5.x",
            "igmp_entry": [],
            "ip_protocol_entry": [],
            "l4_port_set_entry": [
              {
                "description": "",
                "destination_ports": [
                  "1024",
                  "135",
                  "2049",
                  "31000",
                  "31100",
                  "3260",
                  "514",
                  "5988",
                  "80",
                  "8000",
                  "8100",
                  "8200",
                  "8302"
                ],
                "display_name": "TCP_VMware vSphere 5.x",
                "protocol": "TCP",
                "source_ports": []
              },
              {
                "description": "",
                "destination_ports": [
                  "111",
                  "161",
                  "162",
                  "2049",
                  "389",
                  "427",
                  "445",
                  "514",
                  "8182",
                  "902"
                ],
                "display_name": "UDP_VMware vSphere 5.x",
                "protocol": "UDP",
                "source_ports": []
              }
            ],
            "nsx_id": "VMware vSphere 5.x",
            "path": "/infra/services/VMware+vSphere+5.x",
            "revision": 0,
            "tag": [
              {
                "scope": "",
                "tag": "TF"
              }
            ]
          },
          "sensitive_attributes": [],
          "private": "bnVsbA=="
        },
        {
          "index_key": "Virtual Desktop Manager (VDM) 2.x",
          "schema_version": 0,
          "attributes": {
            "algorithm_entry": [],
            "description": "",
            "display_name": "Virtual Desktop Manager (VDM) 2.x",
            "ether_type_entry": [],
            "icmp_entry": [],
            "id": "Virtual Desktop Manager (VDM) 2.x",
            "igmp_entry": [],
            "ip_protocol_entry": [],
            "l4_port_set_entry": [
              {
                "description": "",
                "destination_ports": [
                  "1024-65535",
                  "3389",
                  "389",
                  "4001",
                  "4100",
                  "42966",
                  "443",
                  "445",
                  "80",
                  "8009",
                  "88"
                ],
                "display_name": "TCP_Virtual Desktop Manager (VDM) 2.x",
                "protocol": "TCP",
                "source_ports": []
              },
              {
                "description": "",
                "destination_ports": [
                  "389",
                  "445",
                  "88"
                ],
                "display_name": "UDP_Virtual Desktop Manager (VDM) 2.x",
                "protocol": "UDP",
                "source_ports": []
              }
            ],
            "nsx_id": "Virtual Desktop Manager (VDM) 2.x",
            "path": "/infra/services/Virtual+Desktop+Manager+(VDM)+2.x",
            "revision": 0,
            "tag": [
              {
                "scope": "",
                "tag": "TF"
              }
            ]
          },
          "sensitive_attributes": [],
          "private": "bnVsbA=="
        },
        {
          "index_key": "vCenter Server 5.x",
          "schema_version": 0,
          "attributes": {
            "algorithm_entry": [],
            "description": "",
            "display_name": "vCenter Server 5.x",
            "ether_type_entry": [],
            "icmp_entry": [],
            "id": "vCenter Server 5.x",
            "igmp_entry": [],
            "ip_protocol_entry": [],
            "l4_port_set_entry": [
              {
                "description": "",
                "destination_ports": [
                  "10080",
                  "10443",
                  "135",
                  "389",
                  "443",
                  "51915",
                  "53",
                  "5988",
                  "636",
                  "8080",
                  "8443",
                  "88",
                  "902",
                  "903",
                  "9443"
                ],
                "display_name": "TCP_vCenter Server 5.x",
                "protocol": "TCP",
                "source_ports": []
              },
              {
                "description": "",
                "destination_ports": [
                  "1434",
                  "161",
                  "162",
                  "389",
                  "623",
                  "88",
                  "902"
                ],
                "display_name": "UDP_vCenter Server 5.x",
                "protocol": "UDP",
                "source_ports": []
              }
            ],
            "nsx_id": "vCenter Server 5.x",
            "path": "/infra/services/vCenter+Server+5.x",
            "revision": 0,
            "tag": [
              {
                "scope": "",
                "tag": "TF"
              }
            ]
          },
          "sensitive_attributes": [],
          "private": "bnVsbA=="
        },
        {
          "index_key": "vCenter Server Heartbeat",
          "schema_version": 0,
          "attributes": {
            "algorithm_entry": [],
            "description": "",
            "display_name": "vCenter Server Heartbeat",
            "ether_type_entry": [],
            "icmp_entry": [],
            "id": "vCenter Server Heartbeat",
            "igmp_entry": [],
            "ip_protocol_entry": [],
            "l4_port_set_entry": [
              {
                "description": "",
                "destination_ports": [
                  "52267",
                  "57348"
                ],
                "display_name": "TCP_vCenter Server Heartbeat",
                "protocol": "TCP",
                "source_ports": []
              }
            ],
            "nsx_id": "vCenter Server Heartbeat",
            "path": "/infra/services/vCenter+Server+Heartbeat",
            "revision": 0,
            "tag": [
              {
                "scope": "",
                "tag": "TF"
              }
            ]
          },
          "sensitive_attributes": [],
          "private": "bnVsbA=="
        },
        {
          "index_key": "vCentre Operations Manager (Standalone) 5.x",
          "schema_version": 0,
          "attributes": {
            "algorithm_entry": [],
            "description": "",
            "display_name": "vCentre Operations Manager (Standalone) 5.x",
            "ether_type_entry": [],
            "icmp_entry": [],
            "id": "vCentre Operations Manager (Standalone) 5.x",
            "igmp_entry": [],
            "ip_protocol_entry": [],
            "l4_port_set_entry": [
              {
                "description": "",
                "destination_ports": [
                  "1199",
                  "443",
                  "61616",
                  "80"
                ],
                "display_name": "TCP_vCentre Operations Manager (Standalone) 5.x",
                "protocol": "TCP",
                "source_ports": []
              }
            ],
            "nsx_id": "vCentre Operations Manager (Standalone) 5.x",
            "path": "/infra/services/vCentre+Operations+Manager+(Standalone)+5.x",
            "revision": 0,
            "tag": [
              {
                "scope": "",
                "tag": "TF"
              }
            ]
          },
          "sensitive_attributes": [],
          "private": "bnVsbA=="
        },
        {
          "index_key": "vCentre Operations Manager (vApp) 5.x",
          "schema_version": 0,
          "attributes": {
            "algorithm_entry": [],
            "description": "",
            "display_name": "vCentre Operations Manager (vApp) 5.x",
            "ether_type_entry": [],
            "icmp_entry": [],
            "id": "vCentre Operations Manager (vApp) 5.x",
            "igmp_entry": [],
            "ip_protocol_entry": [],
            "l4_port_set_entry": [
              {
                "description": "",
                "destination_ports": [
                  "1194",
                  "22",
                  "443",
                  "80"
                ],
                "display_name": "TCP_vCentre Operations Manager (vApp) 5.x",
                "protocol": "TCP",
                "source_ports": []
              }
            ],
            "nsx_id": "vCentre Operations Manager (vApp) 5.x",
            "path": "/infra/services/vCentre+Operations+Manager+(vApp)+5.x",
            "revision": 0,
            "tag": [
              {
                "scope": "",
                "tag": "TF"
              }
            ]
          },
          "sensitive_attributes": [],
          "private": "bnVsbA=="
        },
        {
          "index_key": "vCentre Operations Standard",
          "schema_version": 0,
          "attributes": {
            "algorithm_entry": [],
            "description": "",
            "display_name": "vCentre Operations Standard",
            "ether_type_entry": [],
            "icmp_entry": [],
            "id": "vCentre Operations Standard",
            "igmp_entry": [],
            "ip_protocol_entry": [],
            "l4_port_set_entry": [
              {
                "description": "",
                "destination_ports": [
                  "22",
                  "5480"
                ],
                "display_name": "TCP_vCentre Operations Standard",
                "protocol": "TCP",
                "source_ports": []
              }
            ],
            "nsx_id": "vCentre Operations Standard",
            "path": "/infra/services/vCentre+Operations+Standard",
            "revision": 0,
            "tag": [
              {
                "scope": "",
                "tag": "TF"
              }
            ]
          },
          "sensitive_attributes": [],
          "private": "bnVsbA=="
        },
        {
          "index_key": "vCentre Operations Standard 1.x",
          "schema_version": 0,
          "attributes": {
            "algorithm_entry": [],
            "description": "",
            "display_name": "vCentre Operations Standard 1.x",
            "ether_type_entry": [],
            "icmp_entry": [],
            "id": "vCentre Operations Standard 1.x",
            "igmp_entry": [],
            "ip_protocol_entry": [],
            "l4_port_set_entry": [
              {
                "description": "",
                "destination_ports": [
                  "22",
                  "443",
                  "5480"
                ],
                "display_name": "TCP_vCentre Operations Standard 1.x",
                "protocol": "TCP",
                "source_ports": []
              }
            ],
            "nsx_id": "vCentre Operations Standard 1.x",
            "path": "/infra/services/vCentre+Operations+Standard+1.x",
            "revision": 0,
            "tag": [
              {
                "scope": "",
                "tag": "TF"
              }
            ]
          },
          "sensitive_attributes": [],
          "private": "bnVsbA=="
        }
      ]
    }
  ]
}
