{
  "version": 4,
  "terraform_version": "1.1.7",
  "serial": 6,
  "lineage": "d9170d2a-1782-86b2-56f3-e404db765f14",
  "outputs": {
    "svc": {
      "value": {
        "TCP-42": {
          "algorithm_entry": [],
          "description": "",
          "display_name": "TCP-42",
          "ether_type_entry": [],
          "icmp_entry": [],
          "id": "TCP-42",
          "igmp_entry": [],
          "ip_protocol_entry": [],
          "l4_port_set_entry": [
            {
              "description": "",
              "destination_ports": [
                "42"
              ],
              "display_name": "TCP_TCP-42",
              "protocol": "TCP",
              "source_ports": []
            }
          ],
          "nsx_id": "TCP-42",
          "path": "/infra/services/TCP-42",
          "revision": 0,
          "tag": [
            {
              "scope": "",
              "tag": "TF"
            }
          ]
        },
        "TCP-53-389-636-88-464-3268-3269": {
          "algorithm_entry": [],
          "description": "",
          "display_name": "TCP-53-389-636-88-464-3268-3269",
          "ether_type_entry": [],
          "icmp_entry": [],
          "id": "TCP-53-389-636-88-464-3268-3269",
          "igmp_entry": [],
          "ip_protocol_entry": [],
          "l4_port_set_entry": [
            {
              "description": "",
              "destination_ports": [
                "3268",
                "3269",
                "389",
                "464",
                "53",
                "636",
                "88"
              ],
              "display_name": "TCP_TCP-53-389-636-88-464-3268-3269",
              "protocol": "TCP",
              "source_ports": []
            }
          ],
          "nsx_id": "TCP-53-389-636-88-464-3268-3269",
          "path": "/infra/services/TCP-53-389-636-88-464-3268-3269",
          "revision": 0,
          "tag": [
            {
              "scope": "",
              "tag": "TF"
            }
          ]
        },
        "Win 2008 - RPC, DCOM, EPM, DRSUAPI, NetLogonR, SamR, FRS": {
          "algorithm_entry": [],
          "description": "",
          "display_name": "Win 2008 - RPC, DCOM, EPM, DRSUAPI, NetLogonR, SamR, FRS",
          "ether_type_entry": [],
          "icmp_entry": [],
          "id": "Win 2008 - RPC, DCOM, EPM, DRSUAPI, NetLogonR, SamR, FRS",
          "igmp_entry": [],
          "ip_protocol_entry": [],
          "l4_port_set_entry": [
            {
              "description": "",
              "destination_ports": [
                "49152-65535"
              ],
              "display_name": "TCP_Win 2008 - RPC, DCOM, EPM, DRSUAPI, NetLogonR, SamR, FRS",
              "protocol": "TCP",
              "source_ports": []
            }
          ],
          "nsx_id": "Win 2008 - RPC, DCOM, EPM, DRSUAPI, NetLogonR, SamR, FRS",
          "path": "/infra/services/Win+2008+-+RPC,+DCOM,+EPM,+DRSUAPI,+NetLogonR,+SamR,+FRS",
          "revision": 0,
          "tag": [
            {
              "scope": "",
              "tag": "TF"
            }
          ]
        }
      },
      "type": [
        "object",
        {
          "TCP-42": [
            "object",
            {
              "algorithm_entry": [
                "set",
                [
                  "object",
                  {
                    "algorithm": "string",
                    "description": "string",
                    "destination_port": "string",
                    "display_name": "string",
                    "source_ports": [
                      "set",
                      "string"
                    ]
                  }
                ]
              ],
              "description": "string",
              "display_name": "string",
              "ether_type_entry": [
                "set",
                [
                  "object",
                  {
                    "description": "string",
                    "display_name": "string",
                    "ether_type": "number"
                  }
                ]
              ],
              "icmp_entry": [
                "set",
                [
                  "object",
                  {
                    "description": "string",
                    "display_name": "string",
                    "icmp_code": "string",
                    "icmp_type": "string",
                    "protocol": "string"
                  }
                ]
              ],
              "id": "string",
              "igmp_entry": [
                "set",
                [
                  "object",
                  {
                    "description": "string",
                    "display_name": "string"
                  }
                ]
              ],
              "ip_protocol_entry": [
                "set",
                [
                  "object",
                  {
                    "description": "string",
                    "display_name": "string",
                    "protocol": "number"
                  }
                ]
              ],
              "l4_port_set_entry": [
                "set",
                [
                  "object",
                  {
                    "description": "string",
                    "destination_ports": [
                      "set",
                      "string"
                    ],
                    "display_name": "string",
                    "protocol": "string",
                    "source_ports": [
                      "set",
                      "string"
                    ]
                  }
                ]
              ],
              "nsx_id": "string",
              "path": "string",
              "revision": "number",
              "tag": [
                "set",
                [
                  "object",
                  {
                    "scope": "string",
                    "tag": "string"
                  }
                ]
              ]
            }
          ],
          "TCP-53-389-636-88-464-3268-3269": [
            "object",
            {
              "algorithm_entry": [
                "set",
                [
                  "object",
                  {
                    "algorithm": "string",
                    "description": "string",
                    "destination_port": "string",
                    "display_name": "string",
                    "source_ports": [
                      "set",
                      "string"
                    ]
                  }
                ]
              ],
              "description": "string",
              "display_name": "string",
              "ether_type_entry": [
                "set",
                [
                  "object",
                  {
                    "description": "string",
                    "display_name": "string",
                    "ether_type": "number"
                  }
                ]
              ],
              "icmp_entry": [
                "set",
                [
                  "object",
                  {
                    "description": "string",
                    "display_name": "string",
                    "icmp_code": "string",
                    "icmp_type": "string",
                    "protocol": "string"
                  }
                ]
              ],
              "id": "string",
              "igmp_entry": [
                "set",
                [
                  "object",
                  {
                    "description": "string",
                    "display_name": "string"
                  }
                ]
              ],
              "ip_protocol_entry": [
                "set",
                [
                  "object",
                  {
                    "description": "string",
                    "display_name": "string",
                    "protocol": "number"
                  }
                ]
              ],
              "l4_port_set_entry": [
                "set",
                [
                  "object",
                  {
                    "description": "string",
                    "destination_ports": [
                      "set",
                      "string"
                    ],
                    "display_name": "string",
                    "protocol": "string",
                    "source_ports": [
                      "set",
                      "string"
                    ]
                  }
                ]
              ],
              "nsx_id": "string",
              "path": "string",
              "revision": "number",
              "tag": [
                "set",
                [
                  "object",
                  {
                    "scope": "string",
                    "tag": "string"
                  }
                ]
              ]
            }
          ],
          "Win 2008 - RPC, DCOM, EPM, DRSUAPI, NetLogonR, SamR, FRS": [
            "object",
            {
              "algorithm_entry": [
                "set",
                [
                  "object",
                  {
                    "algorithm": "string",
                    "description": "string",
                    "destination_port": "string",
                    "display_name": "string",
                    "source_ports": [
                      "set",
                      "string"
                    ]
                  }
                ]
              ],
              "description": "string",
              "display_name": "string",
              "ether_type_entry": [
                "set",
                [
                  "object",
                  {
                    "description": "string",
                    "display_name": "string",
                    "ether_type": "number"
                  }
                ]
              ],
              "icmp_entry": [
                "set",
                [
                  "object",
                  {
                    "description": "string",
                    "display_name": "string",
                    "icmp_code": "string",
                    "icmp_type": "string",
                    "protocol": "string"
                  }
                ]
              ],
              "id": "string",
              "igmp_entry": [
                "set",
                [
                  "object",
                  {
                    "description": "string",
                    "display_name": "string"
                  }
                ]
              ],
              "ip_protocol_entry": [
                "set",
                [
                  "object",
                  {
                    "description": "string",
                    "display_name": "string",
                    "protocol": "number"
                  }
                ]
              ],
              "l4_port_set_entry": [
                "set",
                [
                  "object",
                  {
                    "description": "string",
                    "destination_ports": [
                      "set",
                      "string"
                    ],
                    "display_name": "string",
                    "protocol": "string",
                    "source_ports": [
                      "set",
                      "string"
                    ]
                  }
                ]
              ],
              "nsx_id": "string",
              "path": "string",
              "revision": "number",
              "tag": [
                "set",
                [
                  "object",
                  {
                    "scope": "string",
                    "tag": "string"
                  }
                ]
              ]
            }
          ]
        }
      ]
    }
  },
  "resources": [
    {
      "module": "module.nsxt-tf-cm-svc",
      "mode": "managed",
      "type": "nsxt_policy_service",
      "name": "svc",
      "provider": "provider[\"registry.terraform.io/vmware/nsxt\"]",
      "instances": [
        {
          "index_key": "TCP-42",
          "schema_version": 0,
          "attributes": {
            "algorithm_entry": [],
            "description": "",
            "display_name": "TCP-42",
            "ether_type_entry": [],
            "icmp_entry": [],
            "id": "TCP-42",
            "igmp_entry": [],
            "ip_protocol_entry": [],
            "l4_port_set_entry": [
              {
                "description": "",
                "destination_ports": [
                  "42"
                ],
                "display_name": "TCP_TCP-42",
                "protocol": "TCP",
                "source_ports": []
              }
            ],
            "nsx_id": "TCP-42",
            "path": "/infra/services/TCP-42",
            "revision": 0,
            "tag": [
              {
                "scope": "",
                "tag": "TF"
              }
            ]
          },
          "sensitive_attributes": [],
          "private": "bnVsbA=="
        },
        {
          "index_key": "TCP-53-389-636-88-464-3268-3269",
          "schema_version": 0,
          "attributes": {
            "algorithm_entry": [],
            "description": "",
            "display_name": "TCP-53-389-636-88-464-3268-3269",
            "ether_type_entry": [],
            "icmp_entry": [],
            "id": "TCP-53-389-636-88-464-3268-3269",
            "igmp_entry": [],
            "ip_protocol_entry": [],
            "l4_port_set_entry": [
              {
                "description": "",
                "destination_ports": [
                  "3268",
                  "3269",
                  "389",
                  "464",
                  "53",
                  "636",
                  "88"
                ],
                "display_name": "TCP_TCP-53-389-636-88-464-3268-3269",
                "protocol": "TCP",
                "source_ports": []
              }
            ],
            "nsx_id": "TCP-53-389-636-88-464-3268-3269",
            "path": "/infra/services/TCP-53-389-636-88-464-3268-3269",
            "revision": 0,
            "tag": [
              {
                "scope": "",
                "tag": "TF"
              }
            ]
          },
          "sensitive_attributes": [],
          "private": "bnVsbA=="
        },
        {
          "index_key": "Win 2008 - RPC, DCOM, EPM, DRSUAPI, NetLogonR, SamR, FRS",
          "schema_version": 0,
          "attributes": {
            "algorithm_entry": [],
            "description": "",
            "display_name": "Win 2008 - RPC, DCOM, EPM, DRSUAPI, NetLogonR, SamR, FRS",
            "ether_type_entry": [],
            "icmp_entry": [],
            "id": "Win 2008 - RPC, DCOM, EPM, DRSUAPI, NetLogonR, SamR, FRS",
            "igmp_entry": [],
            "ip_protocol_entry": [],
            "l4_port_set_entry": [
              {
                "description": "",
                "destination_ports": [
                  "49152-65535"
                ],
                "display_name": "TCP_Win 2008 - RPC, DCOM, EPM, DRSUAPI, NetLogonR, SamR, FRS",
                "protocol": "TCP",
                "source_ports": []
              }
            ],
            "nsx_id": "Win 2008 - RPC, DCOM, EPM, DRSUAPI, NetLogonR, SamR, FRS",
            "path": "/infra/services/Win+2008+-+RPC,+DCOM,+EPM,+DRSUAPI,+NetLogonR,+SamR,+FRS",
            "revision": 0,
            "tag": [
              {
                "scope": "",
                "tag": "TF"
              }
            ]
          },
          "sensitive_attributes": [],
          "private": "bnVsbA=="
        }
      ]
    }
  ]
}
