{
  "version": 4,
  "terraform_version": "1.1.7",
  "serial": 40,
  "lineage": "22b4a095-b1b6-d254-296c-7a136ddcd932",
  "outputs": {},
  "resources": [
    {
      "module": "module.nsxt-tf-cm-svc",
      "mode": "managed",
      "type": "nsxt_policy_service",
      "name": "svc",
      "provider": "provider[\"registry.terraform.io/vmware/nsxt\"]",
      "instances": [
        {
          "index_key": "NetBios Session Service (TCP)",
          "schema_version": 0,
          "attributes": {
            "algorithm_entry": [],
            "description": "",
            "display_name": "NetBios Session Service (TCP)",
            "ether_type_entry": [],
            "icmp_entry": [],
            "id": "NetBios Session Service (TCP)",
            "igmp_entry": [],
            "ip_protocol_entry": [],
            "l4_port_set_entry": [
              {
                "description": "",
                "destination_ports": [
                  "139"
                ],
                "display_name": "TCP_NetBios Session Service (TCP)",
                "protocol": "TCP",
                "source_ports": []
              }
            ],
            "nsx_id": "NetBios Session Service (TCP)",
            "path": "/infra/services/NetBios+Session+Service+(TCP)",
            "revision": 0,
            "tag": [
              {
                "scope": "",
                "tag": "TF"
              }
            ]
          },
          "sensitive_attributes": [],
          "private": "bnVsbA=="
        },
        {
          "index_key": "TCP-10444",
          "schema_version": 0,
          "attributes": {
            "algorithm_entry": [],
            "description": "",
            "display_name": "TCP-10444",
            "ether_type_entry": [],
            "icmp_entry": [],
            "id": "TCP-10444",
            "igmp_entry": [],
            "ip_protocol_entry": [],
            "l4_port_set_entry": [
              {
                "description": "",
                "destination_ports": [
                  "10444"
                ],
                "display_name": "TCP_TCP-10444",
                "protocol": "TCP",
                "source_ports": []
              }
            ],
            "nsx_id": "TCP-10444",
            "path": "/infra/services/TCP-10444",
            "revision": 0,
            "tag": [
              {
                "scope": "",
                "tag": "TF"
              }
            ]
          },
          "sensitive_attributes": [],
          "private": "bnVsbA=="
        },
        {
          "index_key": "TCP-1098-1099",
          "schema_version": 0,
          "attributes": {
            "algorithm_entry": [],
            "description": "",
            "display_name": "TCP-1098-1099",
            "ether_type_entry": [],
            "icmp_entry": [],
            "id": "TCP-1098-1099",
            "igmp_entry": [],
            "ip_protocol_entry": [],
            "l4_port_set_entry": [
              {
                "description": "",
                "destination_ports": [
                  "1098-1099"
                ],
                "display_name": "TCP_TCP-1098-1099",
                "protocol": "TCP",
                "source_ports": []
              }
            ],
            "nsx_id": "TCP-1098-1099",
            "path": "/infra/services/TCP-1098-1099",
            "revision": 0,
            "tag": [
              {
                "scope": "",
                "tag": "TF"
              }
            ]
          },
          "sensitive_attributes": [],
          "private": "bnVsbA=="
        },
        {
          "index_key": "TCP-11443",
          "schema_version": 0,
          "attributes": {
            "algorithm_entry": [],
            "description": "",
            "display_name": "TCP-11443",
            "ether_type_entry": [],
            "icmp_entry": [],
            "id": "TCP-11443",
            "igmp_entry": [],
            "ip_protocol_entry": [],
            "l4_port_set_entry": [
              {
                "description": "",
                "destination_ports": [
                  "11443"
                ],
                "display_name": "TCP_TCP-11443",
                "protocol": "TCP",
                "source_ports": []
              }
            ],
            "nsx_id": "TCP-11443",
            "path": "/infra/services/TCP-11443",
            "revision": 0,
            "tag": [
              {
                "scope": "",
                "tag": "TF"
              }
            ]
          },
          "sensitive_attributes": [],
          "private": "bnVsbA=="
        },
        {
          "index_key": "TCP-1433",
          "schema_version": 0,
          "attributes": {
            "algorithm_entry": [],
            "description": "",
            "display_name": "TCP-1433",
            "ether_type_entry": [],
            "icmp_entry": [],
            "id": "TCP-1433",
            "igmp_entry": [],
            "ip_protocol_entry": [],
            "l4_port_set_entry": [
              {
                "description": "",
                "destination_ports": [
                  "1433"
                ],
                "display_name": "TCP_TCP-1433",
                "protocol": "TCP",
                "source_ports": []
              }
            ],
            "nsx_id": "TCP-1433",
            "path": "/infra/services/TCP-1433",
            "revision": 0,
            "tag": [
              {
                "scope": "",
                "tag": "TF"
              }
            ]
          },
          "sensitive_attributes": [],
          "private": "bnVsbA=="
        },
        {
          "index_key": "TCP-2821",
          "schema_version": 0,
          "attributes": {
            "algorithm_entry": [],
            "description": "",
            "display_name": "TCP-2821",
            "ether_type_entry": [],
            "icmp_entry": [],
            "id": "TCP-2821",
            "igmp_entry": [],
            "ip_protocol_entry": [],
            "l4_port_set_entry": [
              {
                "description": "",
                "destination_ports": [
                  "2821"
                ],
                "display_name": "TCP_TCP-2821",
                "protocol": "TCP",
                "source_ports": []
              }
            ],
            "nsx_id": "TCP-2821",
            "path": "/infra/services/TCP-2821",
            "revision": 0,
            "tag": [
              {
                "scope": "",
                "tag": "TF"
              }
            ]
          },
          "sensitive_attributes": [],
          "private": "bnVsbA=="
        },
        {
          "index_key": "TCP-3389-3390",
          "schema_version": 0,
          "attributes": {
            "algorithm_entry": [],
            "description": "",
            "display_name": "TCP-3389-3390",
            "ether_type_entry": [],
            "icmp_entry": [],
            "id": "TCP-3389-3390",
            "igmp_entry": [],
            "ip_protocol_entry": [],
            "l4_port_set_entry": [
              {
                "description": "",
                "destination_ports": [
                  "3389-3390"
                ],
                "display_name": "TCP_TCP-3389-3390",
                "protocol": "TCP",
                "source_ports": []
              }
            ],
            "nsx_id": "TCP-3389-3390",
            "path": "/infra/services/TCP-3389-3390",
            "revision": 0,
            "tag": [
              {
                "scope": "",
                "tag": "TF"
              }
            ]
          },
          "sensitive_attributes": [],
          "private": "bnVsbA=="
        },
        {
          "index_key": "TCP-445-139",
          "schema_version": 0,
          "attributes": {
            "algorithm_entry": [],
            "description": "",
            "display_name": "TCP-445-139",
            "ether_type_entry": [],
            "icmp_entry": [],
            "id": "TCP-445-139",
            "igmp_entry": [],
            "ip_protocol_entry": [],
            "l4_port_set_entry": [
              {
                "description": "",
                "destination_ports": [
                  "139",
                  "445"
                ],
                "display_name": "TCP_TCP-445-139",
                "protocol": "TCP",
                "source_ports": []
              }
            ],
            "nsx_id": "TCP-445-139",
            "path": "/infra/services/TCP-445-139",
            "revision": 0,
            "tag": [
              {
                "scope": "",
                "tag": "TF"
              }
            ]
          },
          "sensitive_attributes": [],
          "private": "bnVsbA=="
        },
        {
          "index_key": "TCP-45580",
          "schema_version": 0,
          "attributes": {
            "algorithm_entry": [],
            "description": "",
            "display_name": "TCP-45580",
            "ether_type_entry": [],
            "icmp_entry": [],
            "id": "TCP-45580",
            "igmp_entry": [],
            "ip_protocol_entry": [],
            "l4_port_set_entry": [
              {
                "description": "",
                "destination_ports": [
                  "45580"
                ],
                "display_name": "TCP_TCP-45580",
                "protocol": "TCP",
                "source_ports": []
              }
            ],
            "nsx_id": "TCP-45580",
            "path": "/infra/services/TCP-45580",
            "revision": 0,
            "tag": [
              {
                "scope": "",
                "tag": "TF"
              }
            ]
          },
          "sensitive_attributes": [],
          "private": "bnVsbA=="
        },
        {
          "index_key": "TCP-49152-65535",
          "schema_version": 0,
          "attributes": {
            "algorithm_entry": [],
            "description": "",
            "display_name": "TCP-49152-65535",
            "ether_type_entry": [],
            "icmp_entry": [],
            "id": "TCP-49152-65535",
            "igmp_entry": [],
            "ip_protocol_entry": [],
            "l4_port_set_entry": [
              {
                "description": "",
                "destination_ports": [
                  "49152-65535"
                ],
                "display_name": "TCP_TCP-49152-65535",
                "protocol": "TCP",
                "source_ports": []
              }
            ],
            "nsx_id": "TCP-49152-65535",
            "path": "/infra/services/TCP-49152-65535",
            "revision": 0,
            "tag": [
              {
                "scope": "",
                "tag": "TF"
              }
            ]
          },
          "sensitive_attributes": [],
          "private": "bnVsbA=="
        },
        {
          "index_key": "TCP-51010",
          "schema_version": 0,
          "attributes": {
            "algorithm_entry": [],
            "description": "",
            "display_name": "TCP-51010",
            "ether_type_entry": [],
            "icmp_entry": [],
            "id": "TCP-51010",
            "igmp_entry": [],
            "ip_protocol_entry": [],
            "l4_port_set_entry": [
              {
                "description": "",
                "destination_ports": [
                  "51010"
                ],
                "display_name": "TCP_TCP-51010",
                "protocol": "TCP",
                "source_ports": []
              }
            ],
            "nsx_id": "TCP-51010",
            "path": "/infra/services/TCP-51010",
            "revision": 0,
            "tag": [
              {
                "scope": "",
                "tag": "TF"
              }
            ]
          },
          "sensitive_attributes": [],
          "private": "bnVsbA=="
        },
        {
          "index_key": "TCP-5671",
          "schema_version": 0,
          "attributes": {
            "algorithm_entry": [],
            "description": "",
            "display_name": "TCP-5671",
            "ether_type_entry": [],
            "icmp_entry": [],
            "id": "TCP-5671",
            "igmp_entry": [],
            "ip_protocol_entry": [],
            "l4_port_set_entry": [
              {
                "description": "",
                "destination_ports": [
                  "5671"
                ],
                "display_name": "TCP_TCP-5671",
                "protocol": "TCP",
                "source_ports": []
              }
            ],
            "nsx_id": "TCP-5671",
            "path": "/infra/services/TCP-5671",
            "revision": 0,
            "tag": [
              {
                "scope": "",
                "tag": "TF"
              }
            ]
          },
          "sensitive_attributes": [],
          "private": "bnVsbA=="
        },
        {
          "index_key": "TCP-5671-5672",
          "schema_version": 0,
          "attributes": {
            "algorithm_entry": [],
            "description": "",
            "display_name": "TCP-5671-5672",
            "ether_type_entry": [],
            "icmp_entry": [],
            "id": "TCP-5671-5672",
            "igmp_entry": [],
            "ip_protocol_entry": [],
            "l4_port_set_entry": [
              {
                "description": "",
                "destination_ports": [
                  "5671-5672"
                ],
                "display_name": "TCP_TCP-5671-5672",
                "protocol": "TCP",
                "source_ports": []
              }
            ],
            "nsx_id": "TCP-5671-5672",
            "path": "/infra/services/TCP-5671-5672",
            "revision": 0,
            "tag": [
              {
                "scope": "",
                "tag": "TF"
              }
            ]
          },
          "sensitive_attributes": [],
          "private": "bnVsbA=="
        },
        {
          "index_key": "TCP-5672",
          "schema_version": 0,
          "attributes": {
            "algorithm_entry": [],
            "description": "",
            "display_name": "TCP-5672",
            "ether_type_entry": [],
            "icmp_entry": [],
            "id": "TCP-5672",
            "igmp_entry": [],
            "ip_protocol_entry": [],
            "l4_port_set_entry": [
              {
                "description": "",
                "destination_ports": [
                  "5672"
                ],
                "display_name": "TCP_TCP-5672",
                "protocol": "TCP",
                "source_ports": []
              }
            ],
            "nsx_id": "TCP-5672",
            "path": "/infra/services/TCP-5672",
            "revision": 0,
            "tag": [
              {
                "scope": "",
                "tag": "TF"
              }
            ]
          },
          "sensitive_attributes": [],
          "private": "bnVsbA=="
        },
        {
          "index_key": "TCP-5985-5986",
          "schema_version": 0,
          "attributes": {
            "algorithm_entry": [],
            "description": "",
            "display_name": "TCP-5985-5986",
            "ether_type_entry": [],
            "icmp_entry": [],
            "id": "TCP-5985-5986",
            "igmp_entry": [],
            "ip_protocol_entry": [],
            "l4_port_set_entry": [
              {
                "description": "",
                "destination_ports": [
                  "5985-5986"
                ],
                "display_name": "TCP_TCP-5985-5986",
                "protocol": "TCP",
                "source_ports": []
              }
            ],
            "nsx_id": "TCP-5985-5986",
            "path": "/infra/services/TCP-5985-5986",
            "revision": 0,
            "tag": [
              {
                "scope": "",
                "tag": "TF"
              }
            ]
          },
          "sensitive_attributes": [],
          "private": "bnVsbA=="
        },
        {
          "index_key": "TCP-8892",
          "schema_version": 0,
          "attributes": {
            "algorithm_entry": [],
            "description": "",
            "display_name": "TCP-8892",
            "ether_type_entry": [],
            "icmp_entry": [],
            "id": "TCP-8892",
            "igmp_entry": [],
            "ip_protocol_entry": [],
            "l4_port_set_entry": [
              {
                "description": "",
                "destination_ports": [
                  "8892"
                ],
                "display_name": "TCP_TCP-8892",
                "protocol": "TCP",
                "source_ports": []
              }
            ],
            "nsx_id": "TCP-8892",
            "path": "/infra/services/TCP-8892",
            "revision": 0,
            "tag": [
              {
                "scope": "",
                "tag": "TF"
              }
            ]
          },
          "sensitive_attributes": [],
          "private": "bnVsbA=="
        },
        {
          "index_key": "TCP-9000",
          "schema_version": 0,
          "attributes": {
            "algorithm_entry": [],
            "description": "",
            "display_name": "TCP-9000",
            "ether_type_entry": [],
            "icmp_entry": [],
            "id": "TCP-9000",
            "igmp_entry": [],
            "ip_protocol_entry": [],
            "l4_port_set_entry": [
              {
                "description": "",
                "destination_ports": [
                  "9000"
                ],
                "display_name": "TCP_TCP-9000",
                "protocol": "TCP",
                "source_ports": []
              }
            ],
            "nsx_id": "TCP-9000",
            "path": "/infra/services/TCP-9000",
            "revision": 0,
            "tag": [
              {
                "scope": "",
                "tag": "TF"
              }
            ]
          },
          "sensitive_attributes": [],
          "private": "bnVsbA=="
        },
        {
          "index_key": "TCP-9112",
          "schema_version": 0,
          "attributes": {
            "algorithm_entry": [],
            "description": "",
            "display_name": "TCP-9112",
            "ether_type_entry": [],
            "icmp_entry": [],
            "id": "TCP-9112",
            "igmp_entry": [],
            "ip_protocol_entry": [],
            "l4_port_set_entry": [
              {
                "description": "",
                "destination_ports": [
                  "9112"
                ],
                "display_name": "TCP_TCP-9112",
                "protocol": "TCP",
                "source_ports": []
              }
            ],
            "nsx_id": "TCP-9112",
            "path": "/infra/services/TCP-9112",
            "revision": 0,
            "tag": [
              {
                "scope": "",
                "tag": "TF"
              }
            ]
          },
          "sensitive_attributes": [],
          "private": "bnVsbA=="
        },
        {
          "index_key": "TCP-9343",
          "schema_version": 0,
          "attributes": {
            "algorithm_entry": [],
            "description": "",
            "display_name": "TCP-9343",
            "ether_type_entry": [],
            "icmp_entry": [],
            "id": "TCP-9343",
            "igmp_entry": [],
            "ip_protocol_entry": [],
            "l4_port_set_entry": [
              {
                "description": "",
                "destination_ports": [
                  "9343"
                ],
                "display_name": "TCP_TCP-9343",
                "protocol": "TCP",
                "source_ports": []
              }
            ],
            "nsx_id": "TCP-9343",
            "path": "/infra/services/TCP-9343",
            "revision": 0,
            "tag": [
              {
                "scope": "",
                "tag": "TF"
              }
            ]
          },
          "sensitive_attributes": [],
          "private": "bnVsbA=="
        },
        {
          "index_key": "TCP-9437-9439",
          "schema_version": 0,
          "attributes": {
            "algorithm_entry": [],
            "description": "",
            "display_name": "TCP-9437-9439",
            "ether_type_entry": [],
            "icmp_entry": [],
            "id": "TCP-9437-9439",
            "igmp_entry": [],
            "ip_protocol_entry": [],
            "l4_port_set_entry": [
              {
                "description": "",
                "destination_ports": [
                  "9437-9439"
                ],
                "display_name": "TCP_TCP-9437-9439",
                "protocol": "TCP",
                "source_ports": []
              }
            ],
            "nsx_id": "TCP-9437-9439",
            "path": "/infra/services/TCP-9437-9439",
            "revision": 0,
            "tag": [
              {
                "scope": "",
                "tag": "TF"
              }
            ]
          },
          "sensitive_attributes": [],
          "private": "bnVsbA=="
        },
        {
          "index_key": "UDP-1098-1099",
          "schema_version": 0,
          "attributes": {
            "algorithm_entry": [],
            "description": "",
            "display_name": "UDP-1098-1099",
            "ether_type_entry": [],
            "icmp_entry": [],
            "id": "UDP-1098-1099",
            "igmp_entry": [],
            "ip_protocol_entry": [],
            "l4_port_set_entry": [
              {
                "description": "",
                "destination_ports": [
                  "1098-1099"
                ],
                "display_name": "UDP_UDP-1098-1099",
                "protocol": "UDP",
                "source_ports": []
              }
            ],
            "nsx_id": "UDP-1098-1099",
            "path": "/infra/services/UDP-1098-1099",
            "revision": 0,
            "tag": [
              {
                "scope": "",
                "tag": "TF"
              }
            ]
          },
          "sensitive_attributes": [],
          "private": "bnVsbA=="
        },
        {
          "index_key": "UDP-137-138",
          "schema_version": 0,
          "attributes": {
            "algorithm_entry": [],
            "description": "",
            "display_name": "UDP-137-138",
            "ether_type_entry": [],
            "icmp_entry": [],
            "id": "UDP-137-138",
            "igmp_entry": [],
            "ip_protocol_entry": [],
            "l4_port_set_entry": [
              {
                "description": "",
                "destination_ports": [
                  "137",
                  "138"
                ],
                "display_name": "UDP_UDP-137-138",
                "protocol": "UDP",
                "source_ports": []
              }
            ],
            "nsx_id": "UDP-137-138",
            "path": "/infra/services/UDP-137-138",
            "revision": 0,
            "tag": [
              {
                "scope": "",
                "tag": "TF"
              }
            ]
          },
          "sensitive_attributes": [],
          "private": "bnVsbA=="
        },
        {
          "index_key": "UDP-2821",
          "schema_version": 0,
          "attributes": {
            "algorithm_entry": [],
            "description": "",
            "display_name": "UDP-2821",
            "ether_type_entry": [],
            "icmp_entry": [],
            "id": "UDP-2821",
            "igmp_entry": [],
            "ip_protocol_entry": [],
            "l4_port_set_entry": [
              {
                "description": "",
                "destination_ports": [
                  "2821"
                ],
                "display_name": "UDP_UDP-2821",
                "protocol": "UDP",
                "source_ports": []
              }
            ],
            "nsx_id": "UDP-2821",
            "path": "/infra/services/UDP-2821",
            "revision": 0,
            "tag": [
              {
                "scope": "",
                "tag": "TF"
              }
            ]
          },
          "sensitive_attributes": [],
          "private": "bnVsbA=="
        },
        {
          "index_key": "UDP-3389-3390",
          "schema_version": 0,
          "attributes": {
            "algorithm_entry": [],
            "description": "",
            "display_name": "UDP-3389-3390",
            "ether_type_entry": [],
            "icmp_entry": [],
            "id": "UDP-3389-3390",
            "igmp_entry": [],
            "ip_protocol_entry": [],
            "l4_port_set_entry": [
              {
                "description": "",
                "destination_ports": [
                  "3389-3390"
                ],
                "display_name": "UDP_UDP-3389-3390",
                "protocol": "UDP",
                "source_ports": []
              }
            ],
            "nsx_id": "UDP-3389-3390",
            "path": "/infra/services/UDP-3389-3390",
            "revision": 0,
            "tag": [
              {
                "scope": "",
                "tag": "TF"
              }
            ]
          },
          "sensitive_attributes": [],
          "private": "bnVsbA=="
        },
        {
          "index_key": "UDP-45580",
          "schema_version": 0,
          "attributes": {
            "algorithm_entry": [],
            "description": "",
            "display_name": "UDP-45580",
            "ether_type_entry": [],
            "icmp_entry": [],
            "id": "UDP-45580",
            "igmp_entry": [],
            "ip_protocol_entry": [],
            "l4_port_set_entry": [
              {
                "description": "",
                "destination_ports": [
                  "45580"
                ],
                "display_name": "UDP_UDP-45580",
                "protocol": "UDP",
                "source_ports": []
              }
            ],
            "nsx_id": "UDP-45580",
            "path": "/infra/services/UDP-45580",
            "revision": 0,
            "tag": [
              {
                "scope": "",
                "tag": "TF"
              }
            ]
          },
          "sensitive_attributes": [],
          "private": "bnVsbA=="
        },
        {
          "index_key": "UDP-49152-65535",
          "schema_version": 0,
          "attributes": {
            "algorithm_entry": [],
            "description": "",
            "display_name": "UDP-49152-65535",
            "ether_type_entry": [],
            "icmp_entry": [],
            "id": "UDP-49152-65535",
            "igmp_entry": [],
            "ip_protocol_entry": [],
            "l4_port_set_entry": [
              {
                "description": "",
                "destination_ports": [
                  "49152-65535"
                ],
                "display_name": "UDP_UDP-49152-65535",
                "protocol": "UDP",
                "source_ports": []
              }
            ],
            "nsx_id": "UDP-49152-65535",
            "path": "/infra/services/UDP-49152-65535",
            "revision": 0,
            "tag": [
              {
                "scope": "",
                "tag": "TF"
              }
            ]
          },
          "sensitive_attributes": [],
          "private": "bnVsbA=="
        },
        {
          "index_key": "UDP-50010",
          "schema_version": 0,
          "attributes": {
            "algorithm_entry": [],
            "description": "",
            "display_name": "UDP-50010",
            "ether_type_entry": [],
            "icmp_entry": [],
            "id": "UDP-50010",
            "igmp_entry": [],
            "ip_protocol_entry": [],
            "l4_port_set_entry": [
              {
                "description": "",
                "destination_ports": [
                  "50010"
                ],
                "display_name": "UDP_UDP-50010",
                "protocol": "UDP",
                "source_ports": []
              }
            ],
            "nsx_id": "UDP-50010",
            "path": "/infra/services/UDP-50010",
            "revision": 0,
            "tag": [
              {
                "scope": "",
                "tag": "TF"
              }
            ]
          },
          "sensitive_attributes": [],
          "private": "bnVsbA=="
        },
        {
          "index_key": "UDP-51010",
          "schema_version": 0,
          "attributes": {
            "algorithm_entry": [],
            "description": "",
            "display_name": "UDP-51010",
            "ether_type_entry": [],
            "icmp_entry": [],
            "id": "UDP-51010",
            "igmp_entry": [],
            "ip_protocol_entry": [],
            "l4_port_set_entry": [
              {
                "description": "",
                "destination_ports": [
                  "51010"
                ],
                "display_name": "UDP_UDP-51010",
                "protocol": "UDP",
                "source_ports": []
              }
            ],
            "nsx_id": "UDP-51010",
            "path": "/infra/services/UDP-51010",
            "revision": 0,
            "tag": [
              {
                "scope": "",
                "tag": "TF"
              }
            ]
          },
          "sensitive_attributes": [],
          "private": "bnVsbA=="
        },
        {
          "index_key": "UDP-5985-5986",
          "schema_version": 0,
          "attributes": {
            "algorithm_entry": [],
            "description": "",
            "display_name": "UDP-5985-5986",
            "ether_type_entry": [],
            "icmp_entry": [],
            "id": "UDP-5985-5986",
            "igmp_entry": [],
            "ip_protocol_entry": [],
            "l4_port_set_entry": [
              {
                "description": "",
                "destination_ports": [
                  "5985-5986"
                ],
                "display_name": "UDP_UDP-5985-5986",
                "protocol": "UDP",
                "source_ports": []
              }
            ],
            "nsx_id": "UDP-5985-5986",
            "path": "/infra/services/UDP-5985-5986",
            "revision": 0,
            "tag": [
              {
                "scope": "",
                "tag": "TF"
              }
            ]
          },
          "sensitive_attributes": [],
          "private": "bnVsbA=="
        }
      ]
    }
  ]
}
