{
  "version": 4,
  "terraform_version": "1.3.4",
  "serial": 29,
  "lineage": "8e0cc576-b3a1-b694-ac91-8d6d058dfd85",
  "outputs": {},
  "resources": [
    {
      "mode": "data",
      "type": "azurerm_resource_group",
      "name": "tfstate",
      "provider": "provider[\"registry.terraform.io/hashicorp/azurerm\"]",
      "instances": [
        {
          "schema_version": 0,
          "attributes": {
            "id": "/subscriptions/19a7ed62-f51f-4e53-b3ea-6ba9a63f17fe/resourceGroups/rg-kstp-mvp-infra-kcl-eastus-009",
            "location": "eastus",
            "name": "rg-kstp-mvp-infra-kcl-eastus-009",
            "tags": {
              "accountid": "KIWAAPJ",
              "category": "kyndrylplay",
              "country": "USA",
              "funding": "self",
              "owner": "Sergio.Varga@kyndryl.com;Jan.Zerrich@kyndryl.com;Aram.Avetisyan@kyndryl.com",
              "practice": "cloud",
              "teamorproject": "KSTP",
              "usecase": "This initiative aims to evaluate KSTP architecture in Azure. it comprises VM/IKS/OCP provisioning, Network connectivity scenarios, security logging, monitoring, backup, patching, inventory, billing, firewall, and high availability scenarios"
            },
            "timeouts": null
          },
          "sensitive_attributes": []
        }
      ]
    },
    {
      "mode": "managed",
      "type": "azurerm_storage_account",
      "name": "tfstate",
      "provider": "provider[\"registry.terraform.io/hashicorp/azurerm\"]",
      "instances": [
        {
          "schema_version": 3,
          "attributes": {
            "access_tier": "Hot",
            "account_kind": "StorageV2",
            "account_replication_type": "LRS",
            "account_tier": "Standard",
            "allow_nested_items_to_be_public": true,
            "azure_files_authentication": [],
            "blob_properties": [
              {
                "change_feed_enabled": false,
                "change_feed_retention_in_days": 0,
                "container_delete_retention_policy": [],
                "cors_rule": [],
                "default_service_version": "",
                "delete_retention_policy": [],
                "last_access_time_enabled": false,
                "versioning_enabled": true
              }
            ],
            "cross_tenant_replication_enabled": true,
            "custom_domain": [],
            "customer_managed_key": [],
            "default_to_oauth_authentication": false,
            "edge_zone": "",
            "enable_https_traffic_only": true,
            "id": "/subscriptions/19a7ed62-f51f-4e53-b3ea-6ba9a63f17fe/resourceGroups/rg-kstp-mvp-infra-kcl-eastus-009/providers/Microsoft.Storage/storageAccounts/kstp0storage0act",
            "identity": [],
            "immutability_policy": [],
            "infrastructure_encryption_enabled": false,
            "is_hns_enabled": false,
            "large_file_share_enabled": null,
            "location": "eastus",
            "min_tls_version": "TLS1_2",
            "name": "kstp0storage0act",
            "network_rules": [
              {
                "bypass": [
                  "AzureServices"
                ],
                "default_action": "Allow",
                "ip_rules": [],
                "private_link_access": [],
                "virtual_network_subnet_ids": []
              }
            ],
            "nfsv3_enabled": false,
            "primary_access_key": "mYmWT8NmsA0QEwsHd6wRqa3XnBge96aHKtBJxUooRpCWz9c4Bd5anQs8ataqWAHnix10l8Ufoemc+AStpm7IzQ==",
            "primary_blob_connection_string": "DefaultEndpointsProtocol=https;BlobEndpoint=https://kstp0storage0act.blob.core.windows.net/;AccountName=kstp0storage0act;AccountKey=mYmWT8NmsA0QEwsHd6wRqa3XnBge96aHKtBJxUooRpCWz9c4Bd5anQs8ataqWAHnix10l8Ufoemc+AStpm7IzQ==",
            "primary_blob_endpoint": "https://kstp0storage0act.blob.core.windows.net/",
            "primary_blob_host": "kstp0storage0act.blob.core.windows.net",
            "primary_connection_string": "DefaultEndpointsProtocol=https;AccountName=kstp0storage0act;AccountKey=mYmWT8NmsA0QEwsHd6wRqa3XnBge96aHKtBJxUooRpCWz9c4Bd5anQs8ataqWAHnix10l8Ufoemc+AStpm7IzQ==;EndpointSuffix=core.windows.net",
            "primary_dfs_endpoint": "https://kstp0storage0act.dfs.core.windows.net/",
            "primary_dfs_host": "kstp0storage0act.dfs.core.windows.net",
            "primary_file_endpoint": "https://kstp0storage0act.file.core.windows.net/",
            "primary_file_host": "kstp0storage0act.file.core.windows.net",
            "primary_location": "eastus",
            "primary_queue_endpoint": "https://kstp0storage0act.queue.core.windows.net/",
            "primary_queue_host": "kstp0storage0act.queue.core.windows.net",
            "primary_table_endpoint": "https://kstp0storage0act.table.core.windows.net/",
            "primary_table_host": "kstp0storage0act.table.core.windows.net",
            "primary_web_endpoint": "https://kstp0storage0act.z13.web.core.windows.net/",
            "primary_web_host": "kstp0storage0act.z13.web.core.windows.net",
            "public_network_access_enabled": true,
            "queue_encryption_key_type": "Service",
            "queue_properties": [
              {
                "cors_rule": [],
                "hour_metrics": [
                  {
                    "enabled": true,
                    "include_apis": true,
                    "retention_policy_days": 7,
                    "version": "1.0"
                  }
                ],
                "logging": [
                  {
                    "delete": false,
                    "read": false,
                    "retention_policy_days": 0,
                    "version": "1.0",
                    "write": false
                  }
                ],
                "minute_metrics": [
                  {
                    "enabled": false,
                    "include_apis": false,
                    "retention_policy_days": 0,
                    "version": "1.0"
                  }
                ]
              }
            ],
            "resource_group_name": "rg-kstp-mvp-infra-kcl-eastus-009",
            "routing": [],
            "sas_policy": [],
            "secondary_access_key": "yQGKyrkOW7MldGrEh1M/BUIHN8aAjc21PK9LZUPJaOQXtXEEx6uWT6aqMDijqr3Atf/X3v9o9mzv+ASt2P63YQ==",
            "secondary_blob_connection_string": "",
            "secondary_blob_endpoint": null,
            "secondary_blob_host": null,
            "secondary_connection_string": "DefaultEndpointsProtocol=https;AccountName=kstp0storage0act;AccountKey=yQGKyrkOW7MldGrEh1M/BUIHN8aAjc21PK9LZUPJaOQXtXEEx6uWT6aqMDijqr3Atf/X3v9o9mzv+ASt2P63YQ==;EndpointSuffix=core.windows.net",
            "secondary_dfs_endpoint": null,
            "secondary_dfs_host": null,
            "secondary_file_endpoint": null,
            "secondary_file_host": null,
            "secondary_location": "",
            "secondary_queue_endpoint": null,
            "secondary_queue_host": null,
            "secondary_table_endpoint": null,
            "secondary_table_host": null,
            "secondary_web_endpoint": null,
            "secondary_web_host": null,
            "share_properties": [
              {
                "cors_rule": [],
                "retention_policy": [
                  {
                    "days": 7
                  }
                ],
                "smb": []
              }
            ],
            "shared_access_key_enabled": true,
            "static_website": [],
            "table_encryption_key_type": "Service",
            "tags": {
              "Environment": "kstp Global",
              "Managed_By": "000-ag1-remote-state",
              "OwnedBy": "Renato Ramos",
              "Project": "kstp Global",
              "accountid": "KIWAAPJ",
              "practice": "cloud",
              "teamorproject": "KSTP"
            },
            "timeouts": null
          },
          "sensitive_attributes": [],
          "private": "eyJlMmJmYjczMC1lY2FhLTExZTYtOGY4OC0zNDM2M2JjN2M0YzAiOnsiY3JlYXRlIjozNjAwMDAwMDAwMDAwLCJkZWxldGUiOjM2MDAwMDAwMDAwMDAsInJlYWQiOjMwMDAwMDAwMDAwMCwidXBkYXRlIjozNjAwMDAwMDAwMDAwfSwic2NoZW1hX3ZlcnNpb24iOiIzIn0=",
          "dependencies": [
            "data.azurerm_resource_group.tfstate"
          ]
        }
      ]
    },
    {
      "mode": "managed",
      "type": "azurerm_storage_container",
      "name": "tfstate_ag1",
      "provider": "provider[\"registry.terraform.io/hashicorp/azurerm\"]",
      "instances": [
        {
          "schema_version": 1,
          "attributes": {
            "container_access_type": "private",
            "has_immutability_policy": false,
            "has_legal_hold": false,
            "id": "https://kstp0storage0act.blob.core.windows.net/ag1-kstp-tf-state-blob",
            "metadata": {},
            "name": "ag1-kstp-tf-state-blob",
            "resource_manager_id": "/subscriptions/19a7ed62-f51f-4e53-b3ea-6ba9a63f17fe/resourceGroups/rg-kstp-mvp-infra-kcl-eastus-009/providers/Microsoft.Storage/storageAccounts/kstp0storage0act/blobServices/default/containers/ag1-kstp-tf-state-blob",
            "storage_account_name": "kstp0storage0act",
            "timeouts": null
          },
          "sensitive_attributes": [],
          "private": "eyJlMmJmYjczMC1lY2FhLTExZTYtOGY4OC0zNDM2M2JjN2M0YzAiOnsiY3JlYXRlIjoxODAwMDAwMDAwMDAwLCJkZWxldGUiOjE4MDAwMDAwMDAwMDAsInJlYWQiOjMwMDAwMDAwMDAwMCwidXBkYXRlIjoxODAwMDAwMDAwMDAwfSwic2NoZW1hX3ZlcnNpb24iOiIxIn0=",
          "dependencies": [
            "azurerm_storage_account.tfstate",
            "data.azurerm_resource_group.tfstate"
          ]
        }
      ]
    },
    {
      "mode": "managed",
      "type": "azurerm_storage_container",
      "name": "tfstate_ap1",
      "provider": "provider[\"registry.terraform.io/hashicorp/azurerm\"]",
      "instances": [
        {
          "schema_version": 1,
          "attributes": {
            "container_access_type": "private",
            "has_immutability_policy": false,
            "has_legal_hold": false,
            "id": "https://kstp0storage0act.blob.core.windows.net/ap1-kstp-tf-state-blob",
            "metadata": {},
            "name": "ap1-kstp-tf-state-blob",
            "resource_manager_id": "/subscriptions/19a7ed62-f51f-4e53-b3ea-6ba9a63f17fe/resourceGroups/rg-kstp-mvp-infra-kcl-eastus-009/providers/Microsoft.Storage/storageAccounts/kstp0storage0act/blobServices/default/containers/ap1-kstp-tf-state-blob",
            "storage_account_name": "kstp0storage0act",
            "timeouts": null
          },
          "sensitive_attributes": [],
          "private": "eyJlMmJmYjczMC1lY2FhLTExZTYtOGY4OC0zNDM2M2JjN2M0YzAiOnsiY3JlYXRlIjoxODAwMDAwMDAwMDAwLCJkZWxldGUiOjE4MDAwMDAwMDAwMDAsInJlYWQiOjMwMDAwMDAwMDAwMCwidXBkYXRlIjoxODAwMDAwMDAwMDAwfSwic2NoZW1hX3ZlcnNpb24iOiIxIn0=",
          "dependencies": [
            "azurerm_storage_account.tfstate",
            "data.azurerm_resource_group.tfstate"
          ]
        }
      ]
    },
    {
      "mode": "managed",
      "type": "azurerm_storage_container",
      "name": "tfstate_azure_infra",
      "provider": "provider[\"registry.terraform.io/hashicorp/azurerm\"]",
      "instances": [
        {
          "schema_version": 1,
          "attributes": {
            "container_access_type": "private",
            "has_immutability_policy": false,
            "has_legal_hold": false,
            "id": "https://kstp0storage0act.blob.core.windows.net/azure-infra-kstp-tf-state-blob",
            "metadata": {},
            "name": "azure-infra-kstp-tf-state-blob",
            "resource_manager_id": "/subscriptions/19a7ed62-f51f-4e53-b3ea-6ba9a63f17fe/resourceGroups/rg-kstp-mvp-infra-kcl-eastus-009/providers/Microsoft.Storage/storageAccounts/kstp0storage0act/blobServices/default/containers/azure-infra-kstp-tf-state-blob",
            "storage_account_name": "kstp0storage0act",
            "timeouts": null
          },
          "sensitive_attributes": [],
          "private": "eyJlMmJmYjczMC1lY2FhLTExZTYtOGY4OC0zNDM2M2JjN2M0YzAiOnsiY3JlYXRlIjoxODAwMDAwMDAwMDAwLCJkZWxldGUiOjE4MDAwMDAwMDAwMDAsInJlYWQiOjMwMDAwMDAwMDAwMCwidXBkYXRlIjoxODAwMDAwMDAwMDAwfSwic2NoZW1hX3ZlcnNpb24iOiIxIn0=",
          "dependencies": [
            "azurerm_storage_account.tfstate",
            "data.azurerm_resource_group.tfstate"
          ]
        }
      ]
    },
    {
      "mode": "managed",
      "type": "azurerm_storage_container",
      "name": "tfstate_dt1",
      "provider": "provider[\"registry.terraform.io/hashicorp/azurerm\"]",
      "instances": [
        {
          "schema_version": 1,
          "attributes": {
            "container_access_type": "private",
            "has_immutability_policy": false,
            "has_legal_hold": false,
            "id": "https://kstp0storage0act.blob.core.windows.net/dt1-kstp-tf-state-blob",
            "metadata": {},
            "name": "dt1-kstp-tf-state-blob",
            "resource_manager_id": "/subscriptions/19a7ed62-f51f-4e53-b3ea-6ba9a63f17fe/resourceGroups/rg-kstp-mvp-infra-kcl-eastus-009/providers/Microsoft.Storage/storageAccounts/kstp0storage0act/blobServices/default/containers/dt1-kstp-tf-state-blob",
            "storage_account_name": "kstp0storage0act",
            "timeouts": null
          },
          "sensitive_attributes": [],
          "private": "eyJlMmJmYjczMC1lY2FhLTExZTYtOGY4OC0zNDM2M2JjN2M0YzAiOnsiY3JlYXRlIjoxODAwMDAwMDAwMDAwLCJkZWxldGUiOjE4MDAwMDAwMDAwMDAsInJlYWQiOjMwMDAwMDAwMDAwMCwidXBkYXRlIjoxODAwMDAwMDAwMDAwfSwic2NoZW1hX3ZlcnNpb24iOiIxIn0=",
          "dependencies": [
            "azurerm_storage_account.tfstate",
            "data.azurerm_resource_group.tfstate"
          ]
        }
      ]
    },
    {
      "mode": "managed",
      "type": "azurerm_storage_container",
      "name": "tfstate_eu1",
      "provider": "provider[\"registry.terraform.io/hashicorp/azurerm\"]",
      "instances": [
        {
          "schema_version": 1,
          "attributes": {
            "container_access_type": "private",
            "has_immutability_policy": false,
            "has_legal_hold": false,
            "id": "https://kstp0storage0act.blob.core.windows.net/eu1-kstp-tf-state-blob",
            "metadata": {},
            "name": "eu1-kstp-tf-state-blob",
            "resource_manager_id": "/subscriptions/19a7ed62-f51f-4e53-b3ea-6ba9a63f17fe/resourceGroups/rg-kstp-mvp-infra-kcl-eastus-009/providers/Microsoft.Storage/storageAccounts/kstp0storage0act/blobServices/default/containers/eu1-kstp-tf-state-blob",
            "storage_account_name": "kstp0storage0act",
            "timeouts": null
          },
          "sensitive_attributes": [],
          "private": "eyJlMmJmYjczMC1lY2FhLTExZTYtOGY4OC0zNDM2M2JjN2M0YzAiOnsiY3JlYXRlIjoxODAwMDAwMDAwMDAwLCJkZWxldGUiOjE4MDAwMDAwMDAwMDAsInJlYWQiOjMwMDAwMDAwMDAwMCwidXBkYXRlIjoxODAwMDAwMDAwMDAwfSwic2NoZW1hX3ZlcnNpb24iOiIxIn0=",
          "dependencies": [
            "azurerm_storage_account.tfstate",
            "data.azurerm_resource_group.tfstate"
          ]
        }
      ]
    }
  ],
  "check_results": null
}
