{
  "version": 4,
  "terraform_version": "1.1.7",
  "serial": 7,
  "lineage": "4f437be0-6425-7b47-33e9-c248498b2781",
  "outputs": {},
  "resources": [
    {
      "module": "module.nsxt-tf-cm-svc",
      "mode": "managed",
      "type": "nsxt_policy_service",
      "name": "svc",
      "provider": "provider[\"registry.terraform.io/vmware/nsxt\"]",
      "instances": [
        {
          "index_key": "TCP-27017",
          "schema_version": 0,
          "attributes": {
            "algorithm_entry": [],
            "description": "",
            "display_name": "TCP-27017",
            "ether_type_entry": [],
            "icmp_entry": [],
            "id": "TCP-27017",
            "igmp_entry": [],
            "ip_protocol_entry": [],
            "l4_port_set_entry": [
              {
                "description": "",
                "destination_ports": [
                  "27017"
                ],
                "display_name": "TCP_TCP-27017",
                "protocol": "TCP",
                "source_ports": []
              }
            ],
            "nsx_id": "TCP-27017",
            "path": "/infra/services/TCP-27017",
            "revision": 0,
            "tag": [
              {
                "scope": "",
                "tag": "TF"
              }
            ]
          },
          "sensitive_attributes": [],
          "private": "bnVsbA=="
        },
        {
          "index_key": "TCP-5693",
          "schema_version": 0,
          "attributes": {
            "algorithm_entry": [],
            "description": "",
            "display_name": "TCP-5693",
            "ether_type_entry": [],
            "icmp_entry": [],
            "id": "TCP-5693",
            "igmp_entry": [],
            "ip_protocol_entry": [],
            "l4_port_set_entry": [
              {
                "description": "",
                "destination_ports": [
                  "5693"
                ],
                "display_name": "TCP_TCP-5693",
                "protocol": "TCP",
                "source_ports": []
              }
            ],
            "nsx_id": "TCP-5693",
            "path": "/infra/services/TCP-5693",
            "revision": 0,
            "tag": [
              {
                "scope": "",
                "tag": "TF"
              }
            ]
          },
          "sensitive_attributes": [],
          "private": "bnVsbA=="
        },
        {
          "index_key": "TCP-5693-27017",
          "schema_version": 0,
          "attributes": {
            "algorithm_entry": [],
            "description": "",
            "display_name": "TCP-5693-27017",
            "ether_type_entry": [],
            "icmp_entry": [],
            "id": "TCP-5693-27017",
            "igmp_entry": [],
            "ip_protocol_entry": [],
            "l4_port_set_entry": [
              {
                "description": "",
                "destination_ports": [
                  "27017",
                  "5693"
                ],
                "display_name": "TCP_TCP-5693-27017",
                "protocol": "TCP",
                "source_ports": []
              }
            ],
            "nsx_id": "TCP-5693-27017",
            "path": "/infra/services/TCP-5693-27017",
            "revision": 0,
            "tag": [
              {
                "scope": "",
                "tag": "TF"
              }
            ]
          },
          "sensitive_attributes": [],
          "private": "bnVsbA=="
        },
        {
          "index_key": "UDP-27017",
          "schema_version": 0,
          "attributes": {
            "algorithm_entry": [],
            "description": "",
            "display_name": "UDP-27017",
            "ether_type_entry": [],
            "icmp_entry": [],
            "id": "UDP-27017",
            "igmp_entry": [],
            "ip_protocol_entry": [],
            "l4_port_set_entry": [
              {
                "description": "",
                "destination_ports": [
                  "27017"
                ],
                "display_name": "UDP_UDP-27017",
                "protocol": "UDP",
                "source_ports": []
              }
            ],
            "nsx_id": "UDP-27017",
            "path": "/infra/services/UDP-27017",
            "revision": 0,
            "tag": [
              {
                "scope": "",
                "tag": "TF"
              }
            ]
          },
          "sensitive_attributes": [],
          "private": "bnVsbA=="
        },
        {
          "index_key": "UDP-5693",
          "schema_version": 0,
          "attributes": {
            "algorithm_entry": [],
            "description": "",
            "display_name": "UDP-5693",
            "ether_type_entry": [],
            "icmp_entry": [],
            "id": "UDP-5693",
            "igmp_entry": [],
            "ip_protocol_entry": [],
            "l4_port_set_entry": [
              {
                "description": "",
                "destination_ports": [
                  "5693"
                ],
                "display_name": "UDP_UDP-5693",
                "protocol": "UDP",
                "source_ports": []
              }
            ],
            "nsx_id": "UDP-5693",
            "path": "/infra/services/UDP-5693",
            "revision": 0,
            "tag": [
              {
                "scope": "",
                "tag": "TF"
              }
            ]
          },
          "sensitive_attributes": [],
          "private": "bnVsbA=="
        }
      ]
    }
  ]
}
